Microsoft Visual Studio Solution File, Format Version 8.00
Project("{8BC9CEB8-8B4A-11D0-8D11-00A0C91BC942}") = "19.SMeshHandling", "SMeshHandling.vcproj", "{6AEC2AA2-C9FF-4B7D-B07A-94A9D34B41D7}"
	ProjectSection(ProjectDependencies) = postProject
	EndProjectSection
EndProject
Global
	GlobalSection(SolutionConfiguration) = preSolution
		Debug = Debug
		Release = Release
	EndGlobalSection
	GlobalSection(ProjectConfiguration) = postSolution
		{6AEC2AA2-C9FF-4B7D-B07A-94A9D34B41D7}.Debug.ActiveCfg = Debug|Win32
		{6AEC2AA2-C9FF-4B7D-B07A-94A9D34B41D7}.Debug.Build.0 = Debug|Win32
		{6AEC2AA2-C9FF-4B7D-B07A-94A9D34B41D7}.Release.ActiveCfg = Release|Win32
		{6AEC2AA2-C9FF-4B7D-B07A-94A9D34B41D7}.Release.Build.0 = Release|Win32
	EndGlobalSection
	GlobalSection(ExtensibilityGlobals) = postSolution
	EndGlobalSection
	GlobalSection(ExtensibilityAddIns) = postSolution
	EndGlobalSection
EndGlobal
