Microsoft Visual Studio Solution File, Format Version 8.00
Project("{8BC9CEB8-8B4A-11D0-8D11-00A0C91BC942}") = "Movement", "Movement.vcproj", "{1A16BBE1-A49B-4406-8883-681E6EA8702C}"
	ProjectSection(ProjectDependencies) = postProject
	EndProjectSection
EndProject
Global
	GlobalSection(SolutionConfiguration) = preSolution
		Debug = Debug
		Release = Release
	EndGlobalSection
	GlobalSection(ProjectConfiguration) = postSolution
		{1A16BBE1-A49B-4406-8883-681E6EA8702C}.Debug.ActiveCfg = Debug|Win32
		{1A16BBE1-A49B-4406-8883-681E6EA8702C}.Debug.Build.0 = Debug|Win32
		{1A16BBE1-A49B-4406-8883-681E6EA8702C}.Release.ActiveCfg = Release|Win32
		{1A16BBE1-A49B-4406-8883-681E6EA8702C}.Release.Build.0 = Release|Win32
	EndGlobalSection
	GlobalSection(ExtensibilityGlobals) = postSolution
	EndGlobalSection
	GlobalSection(ExtensibilityAddIns) = postSolution
	EndGlobalSection
EndGlobal
