Microsoft Visual Studio Solution File, Format Version 8.00
Project("{8BC9CEB8-8B4A-11D0-8D11-00A0C91BC942}") = "24.CursorControl", "CursorControl.vcproj", "{02B67A37-50E1-49db-BECF-905BC029C2FE}"
	ProjectSection(ProjectDependencies) = postProject
	EndProjectSection
EndProject
Global
	GlobalSection(SolutionConfiguration) = preSolution
		Debug = Debug
		Release = Release
	EndGlobalSection
	GlobalSection(ProjectConfiguration) = postSolution
		{02B67A37-50E1-49db-BECF-905BC029C2FE}.Debug.ActiveCfg = Debug|Win32
		{02B67A37-50E1-49db-BECF-905BC029C2FE}.Debug.Build.0 = Debug|Win32
		{02B67A37-50E1-49db-BECF-905BC029C2FE}.Release.ActiveCfg = Release|Win32
		{02B67A37-50E1-49db-BECF-905BC029C2FE}.Release.Build.0 = Release|Win32
	EndGlobalSection
	GlobalSection(ExtensibilityGlobals) = postSolution
	EndGlobalSection
	GlobalSection(ExtensibilityAddIns) = postSolution
	EndGlobalSection
EndGlobal
