Microsoft Visual Studio Solution File, Format Version 7.00
Project("{F184B08F-C81C-45F6-A57F-5ABD9991F28F}") = "01.HelloWorld_vb_7.0", "01.HelloWorld_vb_7.0.vbproj", "{751D6701-0FA4-4963-936C-B75D046686F4}"
EndProject
Global
	GlobalSection(SolutionConfiguration) = preSolution
		ConfigName.0 = Debug
		ConfigName.1 = Release
	EndGlobalSection
	GlobalSection(ProjectDependencies) = postSolution
	EndGlobalSection
	GlobalSection(ProjectConfiguration) = postSolution
		{751D6701-0FA4-4963-936C-B75D046686F4}.Debug.ActiveCfg = Debug|.NET
		{751D6701-0FA4-4963-936C-B75D046686F4}.Debug.Build.0 = Debug|.NET
		{751D6701-0FA4-4963-936C-B75D046686F4}.Release.ActiveCfg = Release|.NET
		{751D6701-0FA4-4963-936C-B75D046686F4}.Release.Build.0 = Release|.NET
	EndGlobalSection
	GlobalSection(ExtensibilityGlobals) = postSolution
	EndGlobalSection
	GlobalSection(ExtensibilityAddIns) = postSolution
	EndGlobalSection
EndGlobal
