Microsoft Visual Studio Solution File, Format Version 8.00
Project("{830FD174-FABE-4667-B9FC-F7F8B8378EE7}") = "21.Quake3MapExplorer", "Quake3MapShader.vcproj", "{CDC4AAA9-72E1-4ffa-A04D-7EF59D8B97CD}"
	ProjectSection(ProjectDependencies) = postProject
	EndProjectSection
EndProject
Global
	GlobalSection(SolutionConfiguration) = preSolution
		Debug = Debug
		Release = Release
	EndGlobalSection
	GlobalSection(ProjectConfiguration) = postSolution
		{CDC4AAA9-72E1-4ffa-A04D-7EF59D8B97CD}.Debug.ActiveCfg = Debug|Win32
		{CDC4AAA9-72E1-4ffa-A04D-7EF59D8B97CD}.Debug.Build.0 = Debug|Win32
		{CDC4AAA9-72E1-4ffa-A04D-7EF59D8B97CD}.Release.ActiveCfg = Release|Win32
		{CDC4AAA9-72E1-4ffa-A04D-7EF59D8B97CD}.Release.Build.0 = Release|Win32
	EndGlobalSection
	GlobalSection(ExtensibilityGlobals) = postSolution
	EndGlobalSection
	GlobalSection(ExtensibilityAddIns) = postSolution
	EndGlobalSection
EndGlobal
