<?xml version="1.0"?>
<!DOCTYPE CodeBlocks_project_file>
<CodeBlocks_project_file>
	<FileVersion major="1" minor="1"/>
	<Project>
		<Option title="Irrlicht"/>
		<Option makefile="Makefile"/>
		<Option makefile_is_custom="0"/>
		<Option compiler="0"/>
		<Build>
			<Target title="Debug">
				<Option output="..\..\bin\Win32-gcc\Irrlicht.dll"/>
				<Option working_dir="."/>
				<Option object_output="..\obj\IrrDebuggcc"/>
				<Option deps_output=".deps"/>
				<Option type="3"/>
				<Option compiler="0"/>
				<Option createDefFile="1"/>
				<Option createStaticLib="1"/>
				<Compiler>
					<Add option="-W"/>
					<Add option="-g"/>
					<Add option="-O0"/>
					<Add option="-DWIN32"/>
					<Add option="-D_DEBUG"/>
					<Add option="-D_WINDOWS"/>
					<Add option="-D_USRDLL"/>
					<Add option="-DIRRLICHT_EXPORTS"/>
					<Add option="-D_CRT_SECURE_NO_DEPRECATE"/>
					<Add directory="..\..\include"/>
					<Add directory="zlib"/>
				</Compiler>
				<Linker>
					<Add library="kernel32"/>
					<Add library="user32"/>
					<Add library="gdi32"/>
					<Add library="winspool"/>
					<Add library="comdlg32"/>
					<Add library="advapi32"/>
					<Add library="shell32"/>
					<Add library="ole32"/>
					<Add library="oleaut32"/>
					<Add library="uuid"/>
					<Add library="opengl32"/>
				</Linker>
			</Target>
			<Target title="Release">
				<Option output="..\..\bin\Win32-gcc\Irrlicht.dll"/>
				<Option working_dir="."/>
				<Option object_output="obj\IrrReleasegcc"/>
				<Option deps_output=".deps"/>
				<Option type="3"/>
				<Option compiler="0"/>
				<Option createDefFile="1"/>
				<Option createStaticLib="1"/>
				<Compiler>
					<Add option="-O2"/>
					<Add option="-W"/>
					<Add option="-DWIN32"/>
					<Add option="-DNDEBUG"/>
					<Add option="-D_WINDOWS"/>
					<Add option="-D_USRDLL"/>
					<Add option="-DIRRLICHT_EXPORTS"/>
					<Add option="-D_CRT_SECURE_NO_DEPRECATE"/>
					<Add directory="..\..\include"/>
					<Add directory="zlib"/>
				</Compiler>
				<Linker>
					<Add library="kernel32"/>
					<Add library="user32"/>
					<Add library="gdi32"/>
					<Add library="winspool"/>
					<Add library="comdlg32"/>
					<Add library="advapi32"/>
					<Add library="shell32"/>
					<Add library="ole32"/>
					<Add library="oleaut32"/>
					<Add library="uuid"/>
					<Add library="opengl32"/>
				</Linker>
			</Target>
			<Target title="Release - Fast FPU">
				<Option output="..\..\bin\Win32-gcc\Irrlicht.dll"/>
				<Option working_dir="."/>
				<Option object_output="Release - Fast FPU"/>
				<Option deps_output=".deps"/>
				<Option type="3"/>
				<Option compiler="0"/>
				<Option createDefFile="1"/>
				<Option createStaticLib="1"/>
				<Compiler>
					<Add option="-O3"/>
					<Add option="-W"/>
					<Add option="-DWIN32"/>
					<Add option="-DNDEBUG"/>
					<Add option="-D_WINDOWS"/>
					<Add option="-D_USRDLL"/>
					<Add option="-DIRRLICHT_EXPORTS"/>
					<Add option="-D_CRT_SECURE_NO_DEPRECATE"/>
					<Add directory="..\..\include"/>
					<Add directory="zlib"/>
				</Compiler>
				<Linker>
					<Add library="kernel32"/>
					<Add library="user32"/>
					<Add library="gdi32"/>
					<Add library="winspool"/>
					<Add library="comdlg32"/>
					<Add library="advapi32"/>
					<Add library="shell32"/>
					<Add library="ole32"/>
					<Add library="oleaut32"/>
					<Add library="uuid"/>
					<Add library="opengl32"/>
				</Linker>
			</Target>
		</Build>
		<Unit filename="..\..\changes.txt">
			<Option compilerVar="CPP"/>
			<Option compile="0"/>
			<Option link="0"/>
		</Unit>
		<Unit filename="..\..\include\ECullingTypes.h">
			<Option compilerVar="CPP"/>
			<Option compile="0"/>
			<Option link="0"/>
		</Unit>
		<Unit filename="..\..\include\EDebugSceneTypes.h">
			<Option compilerVar="CPP"/>
			<Option compile="0"/>
			<Option link="0"/>
		</Unit>
		<Unit filename="..\..\include\EDriverTypes.h">
			<Option compilerVar="CPP"/>
			<Option compile="0"/>
			<Option link="0"/>
		</Unit>
		<Unit filename="..\..\include\EGUIElementTypes.h">
			<Option compilerVar="CPP"/>
			<Option compile="0"/>
			<Option link="0"/>
		</Unit>
		<Unit filename="..\..\include\EMeshWriterEnums.h">
			<Option compilerVar="CPP"/>
			<Option compile="0"/>
			<Option link="0"/>
		</Unit>
		<Unit filename="..\..\include\EMessageBoxFlags.h">
			<Option compilerVar="CPP"/>
			<Option compile="0"/>
			<Option link="0"/>
		</Unit>
		<Unit filename="..\..\include\ESceneNodeAnimatorTypes.h">
			<Option compilerVar="CPP"/>
			<Option compile="0"/>
			<Option link="0"/>
		</Unit>
		<Unit filename="..\..\include\ESceneNodeTypes.h">
			<Option compilerVar="CPP"/>
			<Option compile="0"/>
			<Option link="0"/>
		</Unit>
		<Unit filename="..\..\include\IAnimatedMesh.h">
			<Option compilerVar="CPP"/>
			<Option compile="0"/>
			<Option link="0"/>
		</Unit>
		<Unit filename="..\..\include\IAnimatedMeshMD2.h">
			<Option compilerVar="CPP"/>
			<Option compile="0"/>
			<Option link="0"/>
		</Unit>
		<Unit filename="..\..\include\IAnimatedMeshSceneNode.h">
			<Option compilerVar="CPP"/>
			<Option compile="0"/>
			<Option link="0"/>
		</Unit>
		<Unit filename="..\..\include\IAttributeExchangingObject.h">
			<Option compilerVar="CPP"/>
			<Option compile="0"/>
			<Option link="0"/>
		</Unit>
		<Unit filename="..\..\include\IAttributes.h">
			<Option compilerVar="CPP"/>
			<Option compile="0"/>
			<Option link="0"/>
		</Unit>
		<Unit filename="..\..\include\IBillboardSceneNode.h">
			<Option compilerVar="CPP"/>
			<Option compile="0"/>
			<Option link="0"/>
		</Unit>
		<Unit filename="..\..\include\IBoneSceneNode.h">
			<Option compilerVar="CPP"/>
			<Option compile="0"/>
			<Option link="0"/>
		</Unit>
		<Unit filename="..\..\include\ICameraSceneNode.h">
			<Option compilerVar="CPP"/>
			<Option compile="0"/>
			<Option link="0"/>
		</Unit>
		<Unit filename="..\..\include\ICursorControl.h">
			<Option compilerVar="CPP"/>
			<Option compile="0"/>
			<Option link="0"/>
		</Unit>
		<Unit filename="..\..\include\IDummyTransformationSceneNode.h">
			<Option compilerVar="CPP"/>
			<Option compile="0"/>
			<Option link="0"/>
		</Unit>
		<Unit filename="..\..\include\IEventReceiver.h">
			<Option compilerVar="CPP"/>
			<Option compile="0"/>
			<Option link="0"/>
		</Unit>
		<Unit filename="..\..\include\IFileList.h">
			<Option compilerVar="CPP"/>
			<Option compile="0"/>
			<Option link="0"/>
		</Unit>
		<Unit filename="..\..\include\IFileSystem.h">
			<Option compilerVar="CPP"/>
			<Option compile="0"/>
			<Option link="0"/>
		</Unit>
		<Unit filename="..\..\include\IGPUProgrammingServices.h">
			<Option compilerVar="CPP"/>
			<Option compile="0"/>
			<Option link="0"/>
		</Unit>
		<Unit filename="..\..\include\IGUIButton.h">
			<Option compilerVar="CPP"/>
			<Option compile="0"/>
			<Option link="0"/>
		</Unit>
		<Unit filename="..\..\include\IGUICheckbox.h">
			<Option compilerVar="CPP"/>
			<Option compile="0"/>
			<Option link="0"/>
		</Unit>
		<Unit filename="..\..\include\IGUIComboBox.h">
			<Option compilerVar="CPP"/>
			<Option compile="0"/>
			<Option link="0"/>
		</Unit>
		<Unit filename="..\..\include\IGUIContextMenu.h">
			<Option compilerVar="CPP"/>
			<Option compile="0"/>
			<Option link="0"/>
		</Unit>
		<Unit filename="..\..\include\IGUIEditBox.h">
			<Option compilerVar="CPP"/>
			<Option compile="0"/>
			<Option link="0"/>
		</Unit>
		<Unit filename="..\..\include\IGUIElement.h">
			<Option compilerVar="CPP"/>
			<Option compile="0"/>
			<Option link="0"/>
		</Unit>
		<Unit filename="..\..\include\IGUIElementFactory.h">
			<Option compilerVar="CPP"/>
			<Option compile="0"/>
			<Option link="0"/>
		</Unit>
		<Unit filename="..\..\include\IGUIEnvironment.h">
			<Option compilerVar="CPP"/>
			<Option compile="0"/>
			<Option link="0"/>
		</Unit>
		<Unit filename="..\..\include\IGUIFileOpenDialog.h">
			<Option compilerVar="CPP"/>
			<Option compile="0"/>
			<Option link="0"/>
		</Unit>
		<Unit filename="..\..\include\IGUIFont.h">
			<Option compilerVar="CPP"/>
			<Option compile="0"/>
			<Option link="0"/>
		</Unit>
		<Unit filename="..\..\include\IGUIImage.h">
			<Option compilerVar="CPP"/>
			<Option compile="0"/>
			<Option link="0"/>
		</Unit>
		<Unit filename="..\..\include\IGUIInOutFader.h">
			<Option compilerVar="CPP"/>
			<Option compile="0"/>
			<Option link="0"/>
		</Unit>
		<Unit filename="..\..\include\IGUIListBox.h">
			<Option compilerVar="CPP"/>
			<Option compile="0"/>
			<Option link="0"/>
		</Unit>
		<Unit filename="..\..\include\IGUIMeshViewer.h">
			<Option compilerVar="CPP"/>
			<Option compile="0"/>
			<Option link="0"/>
		</Unit>
		<Unit filename="..\..\include\IGUIScrollBar.h">
			<Option compilerVar="CPP"/>
			<Option compile="0"/>
			<Option link="0"/>
		</Unit>
		<Unit filename="..\..\include\IGUISkin.h">
			<Option compilerVar="CPP"/>
			<Option compile="0"/>
			<Option link="0"/>
		</Unit>
		<Unit filename="..\..\include\IGUISpinBox.h">
			<Option compilerVar="CPP"/>
			<Option compile="0"/>
			<Option link="0"/>
		</Unit>
		<Unit filename="..\..\include\IGUISpriteBank.h">
			<Option compilerVar="CPP"/>
			<Option compile="0"/>
			<Option link="0"/>
		</Unit>
		<Unit filename="..\..\include\IGUIStaticText.h">
			<Option compilerVar="CPP"/>
			<Option compile="0"/>
			<Option link="0"/>
		</Unit>
		<Unit filename="..\..\include\IGUITabControl.h">
			<Option compilerVar="CPP"/>
			<Option compile="0"/>
			<Option link="0"/>
		</Unit>
		<Unit filename="..\..\include\IGUITable.h">
			<Option compilerVar="CPP"/>
			<Option compile="0"/>
			<Option link="0"/>
		</Unit>
		<Unit filename="..\..\include\IGUIToolbar.h">
			<Option compilerVar="CPP"/>
			<Option compile="0"/>
			<Option link="0"/>
		</Unit>
		<Unit filename="..\..\include\IGUIWindow.h">
			<Option compilerVar="CPP"/>
			<Option compile="0"/>
			<Option link="0"/>
		</Unit>
		<Unit filename="..\..\include\IImage.h">
			<Option compilerVar="CPP"/>
			<Option compile="0"/>
			<Option link="0"/>
		</Unit>
		<Unit filename="..\..\include\IImageLoader.h">
			<Option compilerVar="CPP"/>
			<Option compile="0"/>
			<Option link="0"/>
		</Unit>
		<Unit filename="..\..\include\ILightSceneNode.h">
			<Option compilerVar="CPP"/>
			<Option compile="0"/>
			<Option link="0"/>
		</Unit>
		<Unit filename="..\..\include\ILogger.h">
			<Option compilerVar="CPP"/>
			<Option compile="0"/>
			<Option link="0"/>
		</Unit>
		<Unit filename="..\..\include\IMaterialRenderer.h">
			<Option compilerVar="CPP"/>
			<Option compile="0"/>
			<Option link="0"/>
		</Unit>
		<Unit filename="..\..\include\IMaterialRendererServices.h">
			<Option compilerVar="CPP"/>
			<Option compile="0"/>
			<Option link="0"/>
		</Unit>
		<Unit filename="..\..\include\IMesh.h">
			<Option compilerVar="CPP"/>
			<Option compile="0"/>
			<Option link="0"/>
		</Unit>
		<Unit filename="..\..\include\IMeshBuffer.h">
			<Option compilerVar="CPP"/>
			<Option compile="0"/>
			<Option link="0"/>
		</Unit>
		<Unit filename="..\..\include\IMeshCache.h">
			<Option compilerVar="CPP"/>
			<Option compile="0"/>
			<Option link="0"/>
		</Unit>
		<Unit filename="..\..\include\IMeshLoader.h">
			<Option compilerVar="CPP"/>
			<Option compile="0"/>
			<Option link="0"/>
		</Unit>
		<Unit filename="..\..\include\IMeshManipulator.h">
			<Option compilerVar="CPP"/>
			<Option compile="0"/>
			<Option link="0"/>
		</Unit>
		<Unit filename="..\..\include\IMeshSceneNode.h">
			<Option compilerVar="CPP"/>
			<Option compile="0"/>
			<Option link="0"/>
		</Unit>
		<Unit filename="..\..\include\IMeshWriter.h">
			<Option compilerVar="CPP"/>
			<Option compile="0"/>
			<Option link="0"/>
		</Unit>
		<Unit filename="..\..\include\IMetaTriangleSelector.h">
			<Option compilerVar="CPP"/>
			<Option compile="0"/>
			<Option link="0"/>
		</Unit>
		<Unit filename="..\..\include\IOSOperator.h">
			<Option compilerVar="CPP"/>
			<Option compile="0"/>
			<Option link="0"/>
		</Unit>
		<Unit filename="..\..\include\IParticleAffector.h">
			<Option compilerVar="CPP"/>
			<Option compile="0"/>
			<Option link="0"/>
		</Unit>
		<Unit filename="..\..\include\IParticleEmitter.h">
			<Option compilerVar="CPP"/>
			<Option compile="0"/>
			<Option link="0"/>
		</Unit>
		<Unit filename="..\..\include\IParticleSystemSceneNode.h">
			<Option compilerVar="CPP"/>
			<Option compile="0"/>
			<Option link="0"/>
		</Unit>
		<Unit filename="..\..\include\IQ3LevelMesh.h">
			<Option compilerVar="CPP"/>
			<Option compile="0"/>
			<Option link="0"/>
		</Unit>
		<Unit filename="..\..\include\IReadFile.h">
			<Option compilerVar="CPP"/>
			<Option compile="0"/>
			<Option link="0"/>
		</Unit>
		<Unit filename="..\..\include\IReferenceCounted.h">
			<Option compilerVar="CPP"/>
			<Option compile="0"/>
			<Option link="0"/>
		</Unit>
		<Unit filename="..\..\include\ISceneCollisionManager.h">
			<Option compilerVar="CPP"/>
			<Option compile="0"/>
			<Option link="0"/>
		</Unit>
		<Unit filename="..\..\include\ISceneManager.h">
			<Option compilerVar="CPP"/>
			<Option compile="0"/>
			<Option link="0"/>
		</Unit>
		<Unit filename="..\..\include\ISceneNode.h">
			<Option compilerVar="CPP"/>
			<Option compile="0"/>
			<Option link="0"/>
		</Unit>
		<Unit filename="..\..\include\ISceneNodeAnimator.h">
			<Option compilerVar="CPP"/>
			<Option compile="0"/>
			<Option link="0"/>
		</Unit>
		<Unit filename="..\..\include\ISceneNodeAnimatorCameraFPS.h">
			<Option compilerVar=""/>
			<Option compile="0"/>
			<Option link="0"/>
			<Option target="Debug"/>
			<Option target="Release"/>
			<Option target="Release - Fast FPU"/>
		</Unit>
		<Unit filename="..\..\include\ISceneNodeAnimatorCameraMaya.h">
			<Option compilerVar=""/>
			<Option compile="0"/>
			<Option link="0"/>
			<Option target="Debug"/>
			<Option target="Release"/>
			<Option target="Release - Fast FPU"/>
		</Unit>
		<Unit filename="..\..\include\ISceneNodeAnimatorCollisionResponse.h">
			<Option compilerVar="CPP"/>
			<Option compile="0"/>
			<Option link="0"/>
		</Unit>
		<Unit filename="..\..\include\ISceneNodeAnimatorFactory.h">
			<Option compilerVar="CPP"/>
			<Option compile="0"/>
			<Option link="0"/>
		</Unit>
		<Unit filename="..\..\include\ISceneNodeFactory.h">
			<Option compilerVar="CPP"/>
			<Option compile="0"/>
			<Option link="0"/>
		</Unit>
		<Unit filename="..\..\include\ISceneNodeMeshLoader.h">
			<Option compilerVar="CPP"/>
			<Option compile="0"/>
			<Option link="0"/>
		</Unit>
		<Unit filename="..\..\include\IShaderConstantSetCallBack.h">
			<Option compilerVar="CPP"/>
			<Option compile="0"/>
			<Option link="0"/>
		</Unit>
		<Unit filename="..\..\include\IShadowVolumeSceneNode.h">
			<Option compilerVar="CPP"/>
			<Option compile="0"/>
			<Option link="0"/>
		</Unit>
		<Unit filename="..\..\include\ISkinnedMesh.h">
			<Option compilerVar="CPP"/>
			<Option compile="0"/>
			<Option link="0"/>
		</Unit>
		<Unit filename="..\..\include\ITerrainSceneNode.h">
			<Option compilerVar="CPP"/>
			<Option compile="0"/>
			<Option link="0"/>
		</Unit>
		<Unit filename="..\..\include\ITextSceneNode.h">
			<Option compilerVar="CPP"/>
			<Option compile="0"/>
			<Option link="0"/>
		</Unit>
		<Unit filename="..\..\include\ITexture.h">
			<Option compilerVar="CPP"/>
			<Option compile="0"/>
			<Option link="0"/>
		</Unit>
		<Unit filename="..\..\include\ITimer.h">
			<Option compilerVar="CPP"/>
			<Option compile="0"/>
			<Option link="0"/>
		</Unit>
		<Unit filename="..\..\include\ITriangleSelector.h">
			<Option compilerVar="CPP"/>
			<Option compile="0"/>
			<Option link="0"/>
		</Unit>
		<Unit filename="..\..\include\IVideoDriver.h">
			<Option compilerVar="CPP"/>
			<Option compile="0"/>
			<Option link="0"/>
		</Unit>
		<Unit filename="..\..\include\IVideoModeList.h">
			<Option compilerVar="CPP"/>
			<Option compile="0"/>
			<Option link="0"/>
		</Unit>
		<Unit filename="..\..\include\IVolumeLightSceneNode.h">
			<Option compilerVar="CPP"/>
			<Option compile="0"/>
			<Option link="0"/>
		</Unit>
		<Unit filename="..\..\include\IWriteFile.h">
			<Option compilerVar="CPP"/>
			<Option compile="0"/>
			<Option link="0"/>
		</Unit>
		<Unit filename="..\..\include\IXMLReader.h">
			<Option compilerVar="CPP"/>
			<Option compile="0"/>
			<Option link="0"/>
		</Unit>
		<Unit filename="..\..\include\IXMLWriter.h">
			<Option compilerVar="CPP"/>
			<Option compile="0"/>
			<Option link="0"/>
		</Unit>
		<Unit filename="..\..\include\IrrCompileConfig.h">
			<Option compilerVar="CPP"/>
			<Option compile="0"/>
			<Option link="0"/>
		</Unit>
		<Unit filename="..\..\include\IrrlichtDevice.h">
			<Option compilerVar="CPP"/>
			<Option compile="0"/>
			<Option link="0"/>
		</Unit>
		<Unit filename="..\..\include\Keycodes.h">
			<Option compilerVar="CPP"/>
			<Option compile="0"/>
			<Option link="0"/>
		</Unit>
		<Unit filename="..\..\include\S3DVertex.h">
			<Option compilerVar="CPP"/>
			<Option compile="0"/>
			<Option link="0"/>
		</Unit>
		<Unit filename="..\..\include\SAnimatedMesh.h">
			<Option compilerVar="CPP"/>
			<Option compile="0"/>
			<Option link="0"/>
		</Unit>
		<Unit filename="..\..\include\SColor.h">
			<Option compilerVar="CPP"/>
			<Option compile="0"/>
			<Option link="0"/>
		</Unit>
		<Unit filename="..\..\include\SExposedVideoData.h">
			<Option compilerVar="CPP"/>
			<Option compile="0"/>
			<Option link="0"/>
		</Unit>
		<Unit filename="..\..\include\SIrrCreationParameters.h">
			<Option compilerVar="CPP"/>
			<Option compile="0"/>
			<Option link="0"/>
		</Unit>
		<Unit filename="..\..\include\SKeyMap.h">
			<Option compilerVar="CPP"/>
			<Option compile="0"/>
			<Option link="0"/>
		</Unit>
		<Unit filename="..\..\include\SLight.h">
			<Option compilerVar="CPP"/>
			<Option compile="0"/>
			<Option link="0"/>
		</Unit>
		<Unit filename="..\..\include\SMaterial.h">
			<Option compilerVar="CPP"/>
			<Option compile="0"/>
			<Option link="0"/>
		</Unit>
		<Unit filename="..\..\include\SMesh.h">
			<Option compilerVar="CPP"/>
			<Option compile="0"/>
			<Option link="0"/>
		</Unit>
		<Unit filename="..\..\include\SMeshBuffer.h">
			<Option compilerVar="CPP"/>
			<Option compile="0"/>
			<Option link="0"/>
		</Unit>
		<Unit filename="..\..\include\SMeshBufferLightMap.h">
			<Option compilerVar="CPP"/>
			<Option compile="0"/>
			<Option link="0"/>
		</Unit>
		<Unit filename="..\..\include\SMeshBufferTangents.h">
			<Option compilerVar="CPP"/>
			<Option compile="0"/>
			<Option link="0"/>
		</Unit>
		<Unit filename="..\..\include\SSkinMeshBuffer.h">
			<Option compilerVar="CPP"/>
			<Option compile="0"/>
			<Option link="0"/>
		</Unit>
		<Unit filename="..\..\include\SParticle.h">
			<Option compilerVar="CPP"/>
			<Option compile="0"/>
			<Option link="0"/>
		</Unit>
		<Unit filename="..\..\include\SViewFrustum.h">
			<Option compilerVar="CPP"/>
			<Option compile="0"/>
			<Option link="0"/>
		</Unit>
		<Unit filename="..\..\include\SceneParameters.h">
			<Option compilerVar="CPP"/>
			<Option compile="0"/>
			<Option link="0"/>
		</Unit>
		<Unit filename="..\..\include\aabbox3d.h">
			<Option compilerVar="CPP"/>
			<Option compile="0"/>
			<Option link="0"/>
		</Unit>
		<Unit filename="..\..\include\dimension2d.h">
			<Option compilerVar="CPP"/>
			<Option compile="0"/>
			<Option link="0"/>
		</Unit>
		<Unit filename="..\..\include\heapsort.h">
			<Option compilerVar="CPP"/>
			<Option compile="0"/>
			<Option link="0"/>
		</Unit>
		<Unit filename="..\..\include\irrAllocator.h">
			<Option compilerVar="CPP"/>
			<Option compile="0"/>
			<Option link="0"/>
		</Unit>
		<Unit filename="..\..\include\irrArray.h">
			<Option compilerVar="CPP"/>
			<Option compile="0"/>
			<Option link="0"/>
		</Unit>
		<Unit filename="..\..\include\irrList.h">
			<Option compilerVar="CPP"/>
			<Option compile="0"/>
			<Option link="0"/>
		</Unit>
		<Unit filename="..\..\include\irrMap.h">
			<Option compilerVar="CPP"/>
			<Option compile="0"/>
			<Option link="0"/>
		</Unit>
		<Unit filename="..\..\include\irrMath.h">
			<Option compilerVar="CPP"/>
			<Option compile="0"/>
			<Option link="0"/>
		</Unit>
		<Unit filename="..\..\include\irrString.h">
			<Option compilerVar="CPP"/>
			<Option compile="0"/>
			<Option link="0"/>
		</Unit>
		<Unit filename="..\..\include\irrTypes.h">
			<Option compilerVar="CPP"/>
			<Option compile="0"/>
			<Option link="0"/>
		</Unit>
		<Unit filename="..\..\include\irrXML.h">
			<Option compilerVar="CPP"/>
			<Option compile="0"/>
			<Option link="0"/>
		</Unit>
		<Unit filename="..\..\include\irrlicht.h">
			<Option compilerVar="CPP"/>
			<Option compile="0"/>
			<Option link="0"/>
		</Unit>
		<Unit filename="..\..\include\line2d.h">
			<Option compilerVar="CPP"/>
			<Option compile="0"/>
			<Option link="0"/>
		</Unit>
		<Unit filename="..\..\include\line3d.h">
			<Option compilerVar="CPP"/>
			<Option compile="0"/>
			<Option link="0"/>
		</Unit>
		<Unit filename="..\..\include\matrix4.h">
			<Option compilerVar="CPP"/>
			<Option compile="0"/>
			<Option link="0"/>
		</Unit>
		<Unit filename="..\..\include\plane3d.h">
			<Option compilerVar="CPP"/>
			<Option compile="0"/>
			<Option link="0"/>
		</Unit>
		<Unit filename="..\..\include\position2d.h">
			<Option compilerVar="CPP"/>
			<Option compile="0"/>
			<Option link="0"/>
		</Unit>
		<Unit filename="..\..\include\quaternion.h">
			<Option compilerVar="CPP"/>
			<Option compile="0"/>
			<Option link="0"/>
		</Unit>
		<Unit filename="..\..\include\rect.h">
			<Option compilerVar="CPP"/>
			<Option compile="0"/>
			<Option link="0"/>
		</Unit>
		<Unit filename="..\..\include\triangle3d.h">
			<Option compilerVar="CPP"/>
			<Option compile="0"/>
			<Option link="0"/>
		</Unit>
		<Unit filename="..\..\include\vector2d.h">
			<Option compilerVar="CPP"/>
			<Option compile="0"/>
			<Option link="0"/>
		</Unit>
		<Unit filename="..\..\include\vector3d.h">
			<Option compilerVar="CPP"/>
			<Option compile="0"/>
			<Option link="0"/>
		</Unit>
		<Unit filename="..\..\readme.txt">
			<Option compilerVar="CPP"/>
			<Option compile="0"/>
			<Option link="0"/>
		</Unit>
		<Unit filename="BuiltInFont.h">
			<Option compilerVar="CPP"/>
			<Option compile="0"/>
			<Option link="0"/>
		</Unit>
		<Unit filename="C3DSMeshFileLoader.cpp">
			<Option compilerVar="CPP"/>
		</Unit>
		<Unit filename="C3DSMeshFileLoader.h">
			<Option compilerVar="CPP"/>
			<Option compile="0"/>
			<Option link="0"/>
		</Unit>
		<Unit filename="CAnimatedMeshMD2.cpp">
			<Option compilerVar="CPP"/>
		</Unit>
		<Unit filename="CAnimatedMeshMD2.h">
			<Option compilerVar="CPP"/>
			<Option compile="0"/>
			<Option link="0"/>
		</Unit>
		<Unit filename="CAnimatedMeshMD3.cpp">
			<Option compilerVar="CPP"/>
		</Unit>
		<Unit filename="CAnimatedMeshMD3.h">
			<Option compilerVar="CPP"/>
			<Option compile="0"/>
			<Option link="0"/>
		</Unit>
		<Unit filename="CAnimatedMeshSceneNode.cpp">
			<Option compilerVar="CPP"/>
		</Unit>
		<Unit filename="CAnimatedMeshSceneNode.h">
			<Option compilerVar="CPP"/>
			<Option compile="0"/>
			<Option link="0"/>
		</Unit>
		<Unit filename="CAttributeImpl.h">
			<Option compilerVar="CPP"/>
			<Option compile="0"/>
			<Option link="0"/>
		</Unit>
		<Unit filename="CAttributes.cpp">
			<Option compilerVar="CPP"/>
		</Unit>
		<Unit filename="CAttributes.h">
			<Option compilerVar="CPP"/>
			<Option compile="0"/>
			<Option link="0"/>
		</Unit>
		<Unit filename="CB3DMeshFileLoader.cpp">
			<Option compilerVar="CPP"/>
		</Unit>
		<Unit filename="CB3DMeshFileLoader.h">
			<Option compilerVar="CPP"/>
			<Option compile="0"/>
			<Option link="0"/>
		</Unit>
		<Unit filename="CBSPMeshFileLoader.cpp">
			<Option compilerVar="CPP"/>
		</Unit>
		<Unit filename="CBSPMeshFileLoader.h">
			<Option compilerVar="CPP"/>
			<Option compile="0"/>
			<Option link="0"/>
		</Unit>
		<Unit filename="CBillboardSceneNode.cpp">
			<Option compilerVar="CPP"/>
		</Unit>
		<Unit filename="CBillboardSceneNode.h">
			<Option compilerVar="CPP"/>
			<Option compile="0"/>
			<Option link="0"/>
		</Unit>
		<Unit filename="CBoneSceneNode.cpp">
			<Option compilerVar="CPP"/>
		</Unit>
		<Unit filename="CBoneSceneNode.h">
			<Option compilerVar="CPP"/>
			<Option compile="0"/>
			<Option link="0"/>
		</Unit>
		<Unit filename="CBurningShader_Raster_Reference.cpp">
			<Option compilerVar="CPP"/>
		</Unit>
		<Unit filename="CCSMLoader.cpp">
			<Option compilerVar="CPP"/>
		</Unit>
		<Unit filename="CCSMLoader.h">
			<Option compilerVar="CPP"/>
			<Option compile="0"/>
			<Option link="0"/>
		</Unit>
		<Unit filename="CCameraSceneNode.cpp">
			<Option compilerVar="CPP"/>
		</Unit>
		<Unit filename="CCameraSceneNode.h">
			<Option compilerVar="CPP"/>
			<Option compile="0"/>
			<Option link="0"/>
		</Unit>
		<Unit filename="CColladaFileLoader.cpp">
			<Option compilerVar="CPP"/>
		</Unit>
		<Unit filename="CColladaFileLoader.h">
			<Option compilerVar="CPP"/>
			<Option compile="0"/>
			<Option link="0"/>
		</Unit>
		<Unit filename="CColladaMeshWriter.cpp">
			<Option compilerVar="CPP"/>
		</Unit>
		<Unit filename="CColladaMeshWriter.h">
			<Option compilerVar="CPP"/>
			<Option compile="0"/>
			<Option link="0"/>
		</Unit>
		<Unit filename="CColorConverter.cpp">
			<Option compilerVar="CPP"/>
		</Unit>
		<Unit filename="CColorConverter.h">
			<Option compilerVar="CPP"/>
			<Option compile="0"/>
			<Option link="0"/>
		</Unit>
		<Unit filename="CCubeSceneNode.cpp">
			<Option compilerVar="CPP"/>
		</Unit>
		<Unit filename="CCubeSceneNode.h">
			<Option compilerVar="CPP"/>
			<Option compile="0"/>
			<Option link="0"/>
		</Unit>
		<Unit filename="CD3D8Driver.cpp">
			<Option compilerVar="CPP"/>
		</Unit>
		<Unit filename="CD3D8Driver.h">
			<Option compilerVar="CPP"/>
			<Option compile="0"/>
			<Option link="0"/>
		</Unit>
		<Unit filename="CD3D8MaterialRenderer.h">
			<Option compilerVar="CPP"/>
			<Option compile="0"/>
			<Option link="0"/>
		</Unit>
		<Unit filename="CD3D8NormalMapRenderer.cpp">
			<Option compilerVar="CPP"/>
		</Unit>
		<Unit filename="CD3D8NormalMapRenderer.h">
			<Option compilerVar="CPP"/>
			<Option compile="0"/>
			<Option link="0"/>
		</Unit>
		<Unit filename="CD3D8ParallaxMapRenderer.cpp">
			<Option compilerVar="CPP"/>
		</Unit>
		<Unit filename="CD3D8ParallaxMapRenderer.h">
			<Option compilerVar="CPP"/>
			<Option compile="0"/>
			<Option link="0"/>
		</Unit>
		<Unit filename="CD3D8ShaderMaterialRenderer.cpp">
			<Option compilerVar="CPP"/>
		</Unit>
		<Unit filename="CD3D8ShaderMaterialRenderer.h">
			<Option compilerVar="CPP"/>
			<Option compile="0"/>
			<Option link="0"/>
		</Unit>
		<Unit filename="CD3D8Texture.cpp">
			<Option compilerVar="CPP"/>
		</Unit>
		<Unit filename="CD3D8Texture.h">
			<Option compilerVar="CPP"/>
			<Option compile="0"/>
			<Option link="0"/>
		</Unit>
		<Unit filename="CD3D9Driver.cpp">
			<Option compilerVar="CPP"/>
		</Unit>
		<Unit filename="CD3D9Driver.h">
			<Option compilerVar="CPP"/>
			<Option compile="0"/>
			<Option link="0"/>
		</Unit>
		<Unit filename="CD3D9HLSLMaterialRenderer.cpp">
			<Option compilerVar="CPP"/>
		</Unit>
		<Unit filename="CD3D9HLSLMaterialRenderer.h">
			<Option compilerVar="CPP"/>
			<Option compile="0"/>
			<Option link="0"/>
		</Unit>
		<Unit filename="CD3D9MaterialRenderer.h">
			<Option compilerVar="CPP"/>
			<Option compile="0"/>
			<Option link="0"/>
		</Unit>
		<Unit filename="CD3D9NormalMapRenderer.cpp">
			<Option compilerVar="CPP"/>
		</Unit>
		<Unit filename="CD3D9NormalMapRenderer.h">
			<Option compilerVar="CPP"/>
			<Option compile="0"/>
			<Option link="0"/>
		</Unit>
		<Unit filename="CD3D9ParallaxMapRenderer.cpp">
			<Option compilerVar="CPP"/>
		</Unit>
		<Unit filename="CD3D9ParallaxMapRenderer.h">
			<Option compilerVar="CPP"/>
			<Option compile="0"/>
			<Option link="0"/>
		</Unit>
		<Unit filename="CD3D9ShaderMaterialRenderer.cpp">
			<Option compilerVar="CPP"/>
		</Unit>
		<Unit filename="CD3D9ShaderMaterialRenderer.h">
			<Option compilerVar="CPP"/>
			<Option compile="0"/>
			<Option link="0"/>
		</Unit>
		<Unit filename="CD3D9Texture.cpp">
			<Option compilerVar="CPP"/>
		</Unit>
		<Unit filename="CD3D9Texture.h">
			<Option compilerVar="CPP"/>
			<Option compile="0"/>
			<Option link="0"/>
		</Unit>
		<Unit filename="CDMFLoader.cpp">
			<Option compilerVar="CPP"/>
		</Unit>
		<Unit filename="CDMFLoader.h">
			<Option compilerVar="CPP"/>
			<Option compile="0"/>
			<Option link="0"/>
		</Unit>
		<Unit filename="CDefaultGUIElementFactory.cpp">
			<Option compilerVar="CPP"/>
		</Unit>
		<Unit filename="CDefaultGUIElementFactory.h">
			<Option compilerVar="CPP"/>
			<Option compile="0"/>
			<Option link="0"/>
		</Unit>
		<Unit filename="CDefaultSceneNodeAnimatorFactory.cpp">
			<Option compilerVar="CPP"/>
		</Unit>
		<Unit filename="CDefaultSceneNodeAnimatorFactory.h">
			<Option compilerVar="CPP"/>
			<Option compile="0"/>
			<Option link="0"/>
		</Unit>
		<Unit filename="CDefaultSceneNodeFactory.cpp">
			<Option compilerVar="CPP"/>
		</Unit>
		<Unit filename="CDefaultSceneNodeFactory.h">
			<Option compilerVar="CPP"/>
			<Option compile="0"/>
			<Option link="0"/>
		</Unit>
		<Unit filename="CDepthBuffer.cpp">
			<Option compilerVar="CPP"/>
		</Unit>
		<Unit filename="CDepthBuffer.h">
			<Option compilerVar="CPP"/>
			<Option compile="0"/>
			<Option link="0"/>
		</Unit>
		<Unit filename="CDummyTransformationSceneNode.cpp">
			<Option compilerVar="CPP"/>
		</Unit>
		<Unit filename="CDummyTransformationSceneNode.h">
			<Option compilerVar="CPP"/>
			<Option compile="0"/>
			<Option link="0"/>
		</Unit>
		<Unit filename="CEmptySceneNode.cpp">
			<Option compilerVar="CPP"/>
		</Unit>
		<Unit filename="CEmptySceneNode.h">
			<Option compilerVar="CPP"/>
			<Option compile="0"/>
			<Option link="0"/>
		</Unit>
		<Unit filename="CFPSCounter.cpp">
			<Option compilerVar="CPP"/>
		</Unit>
		<Unit filename="CFPSCounter.h">
			<Option compilerVar="CPP"/>
			<Option compile="0"/>
			<Option link="0"/>
		</Unit>
		<Unit filename="CFileList.cpp">
			<Option compilerVar="CPP"/>
		</Unit>
		<Unit filename="CFileList.h">
			<Option compilerVar="CPP"/>
			<Option compile="0"/>
			<Option link="0"/>
		</Unit>
		<Unit filename="CFileSystem.cpp">
			<Option compilerVar="CPP"/>
		</Unit>
		<Unit filename="CFileSystem.h">
			<Option compilerVar="CPP"/>
			<Option compile="0"/>
			<Option link="0"/>
		</Unit>
		<Unit filename="CGUIButton.cpp">
			<Option compilerVar="CPP"/>
		</Unit>
		<Unit filename="CGUIButton.h">
			<Option compilerVar="CPP"/>
			<Option compile="0"/>
			<Option link="0"/>
		</Unit>
		<Unit filename="CGUICheckbox.cpp">
			<Option compilerVar="CPP"/>
		</Unit>
		<Unit filename="CGUICheckbox.h">
			<Option compilerVar="CPP"/>
			<Option compile="0"/>
			<Option link="0"/>
		</Unit>
		<Unit filename="CGUIColorSelectDialog.cpp">
			<Option compilerVar="CPP"/>
		</Unit>
		<Unit filename="CGUIColorSelectDialog.h">
			<Option compilerVar="CPP"/>
			<Option compile="0"/>
			<Option link="0"/>
		</Unit>
		<Unit filename="CGUIComboBox.cpp">
			<Option compilerVar="CPP"/>
		</Unit>
		<Unit filename="CGUIComboBox.h">
			<Option compilerVar="CPP"/>
			<Option compile="0"/>
			<Option link="0"/>
		</Unit>
		<Unit filename="CGUIContextMenu.cpp">
			<Option compilerVar="CPP"/>
		</Unit>
		<Unit filename="CGUIContextMenu.h">
			<Option compilerVar="CPP"/>
			<Option compile="0"/>
			<Option link="0"/>
		</Unit>
		<Unit filename="CGUIEditBox.cpp">
			<Option compilerVar="CPP"/>
		</Unit>
		<Unit filename="CGUIEditBox.h">
			<Option compilerVar="CPP"/>
			<Option compile="0"/>
			<Option link="0"/>
		</Unit>
		<Unit filename="CGUIEnvironment.cpp">
			<Option compilerVar="CPP"/>
		</Unit>
		<Unit filename="CGUIEnvironment.h">
			<Option compilerVar="CPP"/>
			<Option compile="0"/>
			<Option link="0"/>
		</Unit>
		<Unit filename="CGUIFileOpenDialog.cpp">
			<Option compilerVar="CPP"/>
		</Unit>
		<Unit filename="CGUIFileOpenDialog.h">
			<Option compilerVar="CPP"/>
			<Option compile="0"/>
			<Option link="0"/>
		</Unit>
		<Unit filename="CGUIFont.cpp">
			<Option compilerVar="CPP"/>
		</Unit>
		<Unit filename="CGUIFont.h">
			<Option compilerVar="CPP"/>
			<Option compile="0"/>
			<Option link="0"/>
		</Unit>
		<Unit filename="CGUIImage.cpp">
			<Option compilerVar="CPP"/>
		</Unit>
		<Unit filename="CGUIImage.h">
			<Option compilerVar="CPP"/>
			<Option compile="0"/>
			<Option link="0"/>
		</Unit>
		<Unit filename="CGUIInOutFader.cpp">
			<Option compilerVar="CPP"/>
		</Unit>
		<Unit filename="CGUIInOutFader.h">
			<Option compilerVar="CPP"/>
			<Option compile="0"/>
			<Option link="0"/>
		</Unit>
		<Unit filename="CGUIListBox.cpp">
			<Option compilerVar="CPP"/>
		</Unit>
		<Unit filename="CGUIListBox.h">
			<Option compilerVar="CPP"/>
			<Option compile="0"/>
			<Option link="0"/>
		</Unit>
		<Unit filename="CGUIMenu.cpp">
			<Option compilerVar="CPP"/>
		</Unit>
		<Unit filename="CGUIMenu.h">
			<Option compilerVar="CPP"/>
			<Option compile="0"/>
			<Option link="0"/>
		</Unit>
		<Unit filename="CGUIMeshViewer.cpp">
			<Option compilerVar="CPP"/>
		</Unit>
		<Unit filename="CGUIMeshViewer.h">
			<Option compilerVar="CPP"/>
			<Option compile="0"/>
			<Option link="0"/>
		</Unit>
		<Unit filename="CGUIMessageBox.cpp">
			<Option compilerVar="CPP"/>
		</Unit>
		<Unit filename="CGUIMessageBox.h">
			<Option compilerVar="CPP"/>
			<Option compile="0"/>
			<Option link="0"/>
		</Unit>
		<Unit filename="CGUIModalScreen.cpp">
			<Option compilerVar="CPP"/>
		</Unit>
		<Unit filename="CGUIModalScreen.h">
			<Option compilerVar="CPP"/>
			<Option compile="0"/>
			<Option link="0"/>
		</Unit>
		<Unit filename="CGUIScrollBar.cpp">
			<Option compilerVar="CPP"/>
		</Unit>
		<Unit filename="CGUIScrollBar.h">
			<Option compilerVar="CPP"/>
			<Option compile="0"/>
			<Option link="0"/>
		</Unit>
		<Unit filename="CGUISkin.cpp">
			<Option compilerVar="CPP"/>
		</Unit>
		<Unit filename="CGUISkin.h">
			<Option compilerVar="CPP"/>
			<Option compile="0"/>
			<Option link="0"/>
		</Unit>
		<Unit filename="CGUISpinBox.cpp">
			<Option compilerVar="CPP"/>
		</Unit>
		<Unit filename="CGUISpinBox.h">
			<Option compilerVar="CPP"/>
			<Option compile="0"/>
			<Option link="0"/>
		</Unit>
		<Unit filename="CGUISpriteBank.cpp">
			<Option compilerVar="CPP"/>
		</Unit>
		<Unit filename="CGUISpriteBank.h">
			<Option compilerVar="CPP"/>
			<Option compile="0"/>
			<Option link="0"/>
		</Unit>
		<Unit filename="CGUIStaticText.cpp">
			<Option compilerVar="CPP"/>
		</Unit>
		<Unit filename="CGUIStaticText.h">
			<Option compilerVar="CPP"/>
			<Option compile="0"/>
			<Option link="0"/>
		</Unit>
		<Unit filename="CGUITabControl.cpp">
			<Option compilerVar="CPP"/>
		</Unit>
		<Unit filename="CGUITabControl.h">
			<Option compilerVar="CPP"/>
			<Option compile="0"/>
			<Option link="0"/>
		</Unit>
		<Unit filename="CGUITable.cpp">
			<Option compilerVar="CPP"/>
		</Unit>
		<Unit filename="CGUITable.h">
			<Option compilerVar="CPP"/>
			<Option compile="0"/>
			<Option link="0"/>
		</Unit>
		<Unit filename="CGUIToolBar.cpp">
			<Option compilerVar="CPP"/>
		</Unit>
		<Unit filename="CGUIToolBar.h">
			<Option compilerVar="CPP"/>
			<Option compile="0"/>
			<Option link="0"/>
		</Unit>
		<Unit filename="CGUIWindow.cpp">
			<Option compilerVar="CPP"/>
		</Unit>
		<Unit filename="CGUIWindow.h">
			<Option compilerVar="CPP"/>
			<Option compile="0"/>
			<Option link="0"/>
		</Unit>
		<Unit filename="CGeometryCreator.cpp">
			<Option compilerVar="CPP"/>
		</Unit>
		<Unit filename="CGeometryCreator.h">
			<Option compilerVar="CPP"/>
			<Option compile="0"/>
			<Option link="0"/>
		</Unit>
		<Unit filename="CImage.cpp">
			<Option compilerVar="CPP"/>
		</Unit>
		<Unit filename="CImage.h">
			<Option compilerVar="CPP"/>
			<Option compile="0"/>
			<Option link="0"/>
		</Unit>
		<Unit filename="CImageLoaderBMP.cpp">
			<Option compilerVar="CPP"/>
		</Unit>
		<Unit filename="CImageLoaderBMP.h">
			<Option compilerVar="CPP"/>
			<Option compile="0"/>
			<Option link="0"/>
		</Unit>
		<Unit filename="CImageLoaderJPG.cpp">
			<Option compilerVar="CPP"/>
		</Unit>
		<Unit filename="CImageLoaderJPG.h">
			<Option compilerVar="CPP"/>
			<Option compile="0"/>
			<Option link="0"/>
		</Unit>
		<Unit filename="CImageLoaderPCX.cpp">
			<Option compilerVar="CPP"/>
		</Unit>
		<Unit filename="CImageLoaderPCX.h">
			<Option compilerVar="CPP"/>
			<Option compile="0"/>
			<Option link="0"/>
		</Unit>
		<Unit filename="CImageLoaderPNG.cpp">
			<Option compilerVar="CPP"/>
		</Unit>
		<Unit filename="CImageLoaderPNG.h">
			<Option compilerVar="CPP"/>
			<Option compile="0"/>
			<Option link="0"/>
		</Unit>
		<Unit filename="CImageLoaderPPM.cpp">
			<Option compilerVar="CPP"/>
		</Unit>
		<Unit filename="CImageLoaderPPM.h">
			<Option compilerVar="CPP"/>
			<Option compile="0"/>
			<Option link="0"/>
		</Unit>
		<Unit filename="CImageLoaderPSD.cpp">
			<Option compilerVar="CPP"/>
		</Unit>
		<Unit filename="CImageLoaderPSD.h">
			<Option compilerVar="CPP"/>
			<Option compile="0"/>
			<Option link="0"/>
		</Unit>
		<Unit filename="CImageLoaderTGA.cpp">
			<Option compilerVar="CPP"/>
		</Unit>
		<Unit filename="CImageLoaderTGA.h">
			<Option compilerVar="CPP"/>
			<Option compile="0"/>
			<Option link="0"/>
		</Unit>
		<Unit filename="CImageLoaderWAL.cpp">
			<Option compilerVar="CPP"/>
		</Unit>
		<Unit filename="CImageLoaderWAL.h">
			<Option compilerVar="CPP"/>
			<Option compile="0"/>
			<Option link="0"/>
		</Unit>
		<Unit filename="CImageWriterBMP.cpp">
			<Option compilerVar="CPP"/>
		</Unit>
		<Unit filename="CImageWriterBMP.h">
			<Option compilerVar="CPP"/>
			<Option compile="0"/>
			<Option link="0"/>
		</Unit>
		<Unit filename="CImageWriterJPG.cpp">
			<Option compilerVar="CPP"/>
		</Unit>
		<Unit filename="CImageWriterJPG.h">
			<Option compilerVar="CPP"/>
			<Option compile="0"/>
			<Option link="0"/>
		</Unit>
		<Unit filename="CImageWriterPCX.cpp">
			<Option compilerVar="CPP"/>
		</Unit>
		<Unit filename="CImageWriterPCX.h">
			<Option compilerVar="CPP"/>
			<Option compile="0"/>
			<Option link="0"/>
		</Unit>
		<Unit filename="CImageWriterPNG.cpp">
			<Option compilerVar="CPP"/>
		</Unit>
		<Unit filename="CImageWriterPNG.h">
			<Option compilerVar="CPP"/>
			<Option compile="0"/>
			<Option link="0"/>
		</Unit>
		<Unit filename="CImageWriterPPM.cpp">
			<Option compilerVar="CPP"/>
		</Unit>
		<Unit filename="CImageWriterPPM.h">
			<Option compilerVar="CPP"/>
			<Option compile="0"/>
			<Option link="0"/>
		</Unit>
		<Unit filename="CImageWriterPSD.cpp">
			<Option compilerVar="CPP"/>
		</Unit>
		<Unit filename="CImageWriterPSD.h">
			<Option compilerVar="CPP"/>
			<Option compile="0"/>
			<Option link="0"/>
		</Unit>
		<Unit filename="CImageWriterTGA.cpp">
			<Option compilerVar="CPP"/>
		</Unit>
		<Unit filename="CImageWriterTGA.h">
			<Option compilerVar="CPP"/>
			<Option compile="0"/>
			<Option link="0"/>
		</Unit>
		<Unit filename="CIrrDeviceLinux.cpp">
			<Option compilerVar="CPP"/>
		</Unit>
		<Unit filename="CIrrDeviceLinux.h">
			<Option compilerVar="CPP"/>
			<Option compile="0"/>
			<Option link="0"/>
		</Unit>
		<Unit filename="CIrrDeviceStub.cpp">
			<Option compilerVar="CPP"/>
		</Unit>
		<Unit filename="CIrrDeviceStub.h">
			<Option compilerVar="CPP"/>
			<Option compile="0"/>
			<Option link="0"/>
		</Unit>
		<Unit filename="CIrrDeviceWin32.cpp">
			<Option compilerVar="CPP"/>
		</Unit>
		<Unit filename="CIrrDeviceWin32.h">
			<Option compilerVar="CPP"/>
			<Option compile="0"/>
			<Option link="0"/>
		</Unit>
		<Unit filename="CIrrMeshFileLoader.cpp">
			<Option compilerVar="CPP"/>
		</Unit>
		<Unit filename="CIrrMeshFileLoader.h">
			<Option compilerVar="CPP"/>
			<Option compile="0"/>
			<Option link="0"/>
		</Unit>
		<Unit filename="CIrrMeshWriter.cpp">
			<Option compilerVar="CPP"/>
		</Unit>
		<Unit filename="CIrrMeshWriter.h">
			<Option compilerVar="CPP"/>
			<Option compile="0"/>
			<Option link="0"/>
		</Unit>
		<Unit filename="CLMTSMeshFileLoader.cpp">
			<Option compilerVar="CPP"/>
		</Unit>
		<Unit filename="CLMTSMeshFileLoader.h">
			<Option compilerVar="CPP"/>
			<Option compile="0"/>
			<Option link="0"/>
		</Unit>
		<Unit filename="CLWOMeshFileLoader.cpp">
			<Option compilerVar="CPP"/>
		</Unit>
		<Unit filename="CLWOMeshFileLoader.h">
			<Option compilerVar="CPP"/>
			<Option compile="0"/>
			<Option link="0"/>
		</Unit>
		<Unit filename="CLightSceneNode.cpp">
			<Option compilerVar="CPP"/>
		</Unit>
		<Unit filename="CLightSceneNode.h">
			<Option compilerVar="CPP"/>
			<Option compile="0"/>
			<Option link="0"/>
		</Unit>
		<Unit filename="CLimitReadFile.cpp">
			<Option compilerVar="CPP"/>
		</Unit>
		<Unit filename="CLimitReadFile.h">
			<Option compilerVar="CPP"/>
			<Option compile="0"/>
			<Option link="0"/>
		</Unit>
		<Unit filename="CLogger.cpp">
			<Option compilerVar="CPP"/>
		</Unit>
		<Unit filename="CLogger.h">
			<Option compilerVar="CPP"/>
			<Option compile="0"/>
			<Option link="0"/>
		</Unit>
		<Unit filename="CMD2MeshFileLoader.cpp">
			<Option compilerVar="CPP"/>
		</Unit>
		<Unit filename="CMD2MeshFileLoader.h">
			<Option compilerVar="CPP"/>
			<Option compile="0"/>
			<Option link="0"/>
		</Unit>
		<Unit filename="CMD3MeshFileLoader.cpp">
			<Option compilerVar="CPP"/>
		</Unit>
		<Unit filename="CMD3MeshFileLoader.h">
			<Option compilerVar="CPP"/>
			<Option compile="0"/>
			<Option link="0"/>
		</Unit>
		<Unit filename="CMS3DMeshFileLoader.cpp">
			<Option compilerVar="CPP"/>
		</Unit>
		<Unit filename="CMS3DMeshFileLoader.h">
			<Option compilerVar="CPP"/>
			<Option compile="0"/>
			<Option link="0"/>
		</Unit>
		<Unit filename="CMY3DHelper.h">
			<Option compilerVar="CPP"/>
			<Option compile="0"/>
			<Option link="0"/>
		</Unit>
		<Unit filename="CMY3DMeshFileLoader.cpp">
			<Option compilerVar="CPP"/>
		</Unit>
		<Unit filename="CMY3DMeshFileLoader.h">
			<Option compilerVar="CPP"/>
			<Option compile="0"/>
			<Option link="0"/>
		</Unit>
		<Unit filename="CMemoryReadFile.cpp">
			<Option compilerVar="CPP"/>
		</Unit>
		<Unit filename="CMemoryReadFile.h">
			<Option compilerVar="CPP"/>
			<Option compile="0"/>
			<Option link="0"/>
		</Unit>
		<Unit filename="CMeshCache.cpp">
			<Option compilerVar="CPP"/>
		</Unit>
		<Unit filename="CMeshCache.h">
			<Option compilerVar="CPP"/>
			<Option compile="0"/>
			<Option link="0"/>
		</Unit>
		<Unit filename="CMeshManipulator.cpp">
			<Option compilerVar="CPP"/>
		</Unit>
		<Unit filename="CMeshManipulator.h">
			<Option compilerVar="CPP"/>
			<Option compile="0"/>
			<Option link="0"/>
		</Unit>
		<Unit filename="CMeshSceneNode.cpp">
			<Option compilerVar="CPP"/>
		</Unit>
		<Unit filename="CMeshSceneNode.h">
			<Option compilerVar="CPP"/>
			<Option compile="0"/>
			<Option link="0"/>
		</Unit>
		<Unit filename="CMetaTriangleSelector.cpp">
			<Option compilerVar="CPP"/>
		</Unit>
		<Unit filename="CMetaTriangleSelector.h">
			<Option compilerVar="CPP"/>
			<Option compile="0"/>
			<Option link="0"/>
		</Unit>
		<Unit filename="CNullDriver.cpp">
			<Option compilerVar="CPP"/>
		</Unit>
		<Unit filename="CNullDriver.h">
			<Option compilerVar="CPP"/>
			<Option compile="0"/>
			<Option link="0"/>
		</Unit>
		<Unit filename="COBJMeshFileLoader.cpp">
			<Option compilerVar="CPP"/>
		</Unit>
		<Unit filename="COBJMeshFileLoader.h">
			<Option compilerVar="CPP"/>
			<Option compile="0"/>
			<Option link="0"/>
		</Unit>
		<Unit filename="COCTLoader.cpp">
			<Option compilerVar="CPP"/>
		</Unit>
		<Unit filename="COCTLoader.h">
			<Option compilerVar="CPP"/>
			<Option compile="0"/>
			<Option link="0"/>
		</Unit>
		<Unit filename="COSOperator.cpp">
			<Option compilerVar="CPP"/>
		</Unit>
		<Unit filename="COSOperator.h">
			<Option compilerVar="CPP"/>
			<Option compile="0"/>
			<Option link="0"/>
		</Unit>
		<Unit filename="COctTreeSceneNode.cpp">
			<Option compilerVar="CPP"/>
		</Unit>
		<Unit filename="COctTreeSceneNode.h">
			<Option compilerVar="CPP"/>
			<Option compile="0"/>
			<Option link="0"/>
		</Unit>
		<Unit filename="COctTreeTriangleSelector.cpp">
			<Option compilerVar="CPP"/>
		</Unit>
		<Unit filename="COctTreeTriangleSelector.h">
			<Option compilerVar="CPP"/>
			<Option compile="0"/>
			<Option link="0"/>
		</Unit>
		<Unit filename="COgreMeshFileLoader.cpp">
			<Option compilerVar="CPP"/>
		</Unit>
		<Unit filename="COgreMeshFileLoader.h">
			<Option compilerVar="CPP"/>
			<Option compile="0"/>
			<Option link="0"/>
		</Unit>
		<Unit filename="COpenGLDriver.cpp">
			<Option compilerVar="CPP"/>
		</Unit>
		<Unit filename="COpenGLDriver.h">
			<Option compilerVar="CPP"/>
			<Option compile="0"/>
			<Option link="0"/>
		</Unit>
		<Unit filename="COpenGLExtensionHandler.cpp">
			<Option compilerVar="CPP"/>
		</Unit>
		<Unit filename="COpenGLExtensionHandler.h">
			<Option compilerVar="CPP"/>
			<Option compile="0"/>
			<Option link="0"/>
		</Unit>
		<Unit filename="COpenGLMaterialRenderer.h">
			<Option compilerVar="CPP"/>
			<Option compile="0"/>
			<Option link="0"/>
		</Unit>
		<Unit filename="COpenGLNormalMapRenderer.cpp">
			<Option compilerVar="CPP"/>
		</Unit>
		<Unit filename="COpenGLNormalMapRenderer.h">
			<Option compilerVar="CPP"/>
			<Option compile="0"/>
			<Option link="0"/>
		</Unit>
		<Unit filename="COpenGLParallaxMapRenderer.cpp">
			<Option compilerVar="CPP"/>
		</Unit>
		<Unit filename="COpenGLParallaxMapRenderer.h">
			<Option compilerVar="CPP"/>
			<Option compile="0"/>
			<Option link="0"/>
		</Unit>
		<Unit filename="COpenGLSLMaterialRenderer.cpp">
			<Option compilerVar="CPP"/>
		</Unit>
		<Unit filename="COpenGLSLMaterialRenderer.h">
			<Option compilerVar="CPP"/>
			<Option compile="0"/>
			<Option link="0"/>
		</Unit>
		<Unit filename="COpenGLShaderMaterialRenderer.cpp">
			<Option compilerVar="CPP"/>
		</Unit>
		<Unit filename="COpenGLShaderMaterialRenderer.h">
			<Option compilerVar="CPP"/>
			<Option compile="0"/>
			<Option link="0"/>
		</Unit>
		<Unit filename="COpenGLTexture.cpp">
			<Option compilerVar="CPP"/>
		</Unit>
		<Unit filename="COpenGLTexture.h">
			<Option compilerVar="CPP"/>
			<Option compile="0"/>
			<Option link="0"/>
		</Unit>
		<Unit filename="CPakReader.cpp">
			<Option compilerVar="CPP"/>
		</Unit>
		<Unit filename="CPakReader.h">
			<Option compilerVar="CPP"/>
			<Option compile="0"/>
			<Option link="0"/>
		</Unit>
		<Unit filename="CParticleAnimatedMeshSceneNodeEmitter.cpp">
			<Option compilerVar="CPP"/>
		</Unit>
		<Unit filename="CParticleAttractionAffector.cpp">
			<Option compilerVar="CPP"/>
		</Unit>
		<Unit filename="CParticleBoxEmitter.cpp">
			<Option compilerVar="CPP"/>
		</Unit>
		<Unit filename="CParticleBoxEmitter.h">
			<Option compilerVar="CPP"/>
			<Option compile="0"/>
			<Option link="0"/>
		</Unit>
		<Unit filename="CParticleCylinderEmitter.cpp">
			<Option compilerVar="CPP"/>
		</Unit>
		<Unit filename="CParticleFadeOutAffector.cpp">
			<Option compilerVar="CPP"/>
		</Unit>
		<Unit filename="CParticleFadeOutAffector.h">
			<Option compilerVar="CPP"/>
			<Option compile="0"/>
			<Option link="0"/>
		</Unit>
		<Unit filename="CParticleGravityAffector.cpp">
			<Option compilerVar="CPP"/>
		</Unit>
		<Unit filename="CParticleGravityAffector.h">
			<Option compilerVar="CPP"/>
			<Option compile="0"/>
			<Option link="0"/>
		</Unit>
		<Unit filename="CParticleScaleAffector.cpp">
			<Option compilerVar="CPP"/>
		</Unit>
		<Unit filename="CParticleScaleAffector.h">
			<Option compilerVar="CPP"/>
			<Option compile="0"/>
			<Option link="0"/>
		</Unit>
		<Unit filename="CParticleMeshEmitter.cpp">
			<Option compilerVar="CPP"/>
		</Unit>
		<Unit filename="CParticlePointEmitter.cpp">
			<Option compilerVar="CPP"/>
		</Unit>
		<Unit filename="CParticlePointEmitter.h">
			<Option compilerVar="CPP"/>
			<Option compile="0"/>
			<Option link="0"/>
		</Unit>
		<Unit filename="CParticleRingEmitter.cpp">
			<Option compilerVar="CPP"/>
		</Unit>
		<Unit filename="CParticleRotationAffector.cpp">
			<Option compilerVar="CPP"/>
		</Unit>
		<Unit filename="CParticleSphereEmitter.cpp">
			<Option compilerVar="CPP"/>
		</Unit>
		<Unit filename="CParticleSystemSceneNode.cpp">
			<Option compilerVar="CPP"/>
		</Unit>
		<Unit filename="CParticleSystemSceneNode.h">
			<Option compilerVar="CPP"/>
			<Option compile="0"/>
			<Option link="0"/>
		</Unit>
		<Unit filename="CQ3LevelMesh.cpp">
			<Option compilerVar="CPP"/>
		</Unit>
		<Unit filename="CQ3LevelMesh.h">
			<Option compilerVar="CPP"/>
			<Option compile="0"/>
			<Option link="0"/>
		</Unit>
		<Unit filename="CQuake3ShaderSceneNode.cpp">
			<Option compilerVar="CPP"/>
		</Unit>
		<Unit filename="CQuake3ShaderSceneNode.h">
			<Option compilerVar="CPP"/>
			<Option compile="0"/>
			<Option link="0"/>
		</Unit>
		<Unit filename="CReadFile.cpp">
			<Option compilerVar="CPP"/>
		</Unit>
		<Unit filename="CReadFile.h">
			<Option compilerVar="CPP"/>
			<Option compile="0"/>
			<Option link="0"/>
		</Unit>
		<Unit filename="CSTLMeshFileLoader.cpp">
			<Option compilerVar="CPP"/>
		</Unit>
		<Unit filename="CSTLMeshFileLoader.h">
			<Option compilerVar="CPP"/>
			<Option compile="0"/>
			<Option link="0"/>
		</Unit>
		<Unit filename="CSTLMeshWriter.cpp">
			<Option compilerVar="CPP"/>
		</Unit>
		<Unit filename="CSTLMeshWriter.h">
			<Option compilerVar="CPP"/>
			<Option compile="0"/>
			<Option link="0"/>
		</Unit>
		<Unit filename="COBJMeshWriter.cpp">
			<Option compilerVar="CPP"/>
		</Unit>
		<Unit filename="COBJMeshWriter.h">
			<Option compilerVar="CPP"/>
			<Option compile="0"/>
			<Option link="0"/>
		</Unit>
		<Unit filename="CSceneCollisionManager.cpp">
			<Option compilerVar="CPP"/>
		</Unit>
		<Unit filename="CSceneCollisionManager.h">
			<Option compilerVar="CPP"/>
			<Option compile="0"/>
			<Option link="0"/>
		</Unit>
		<Unit filename="CSceneManager.cpp">
			<Option compilerVar="CPP"/>
		</Unit>
		<Unit filename="CSceneManager.h">
			<Option compilerVar="CPP"/>
			<Option compile="0"/>
			<Option link="0"/>
		</Unit>
		<Unit filename="CSceneNodeAnimatorCameraFPS.cpp">
			<Option compilerVar="CPP"/>
			<Option target="Debug"/>
			<Option target="Release"/>
			<Option target="Release - Fast FPU"/>
		</Unit>
		<Unit filename="CSceneNodeAnimatorCameraFPS.h">
			<Option compilerVar=""/>
			<Option compile="0"/>
			<Option link="0"/>
			<Option target="Debug"/>
			<Option target="Release"/>
			<Option target="Release - Fast FPU"/>
		</Unit>
		<Unit filename="CSceneNodeAnimatorCameraMaya.cpp">
			<Option compilerVar="CPP"/>
			<Option target="Debug"/>
			<Option target="Release"/>
			<Option target="Release - Fast FPU"/>
		</Unit>
		<Unit filename="CSceneNodeAnimatorCameraMaya.h">
			<Option compilerVar=""/>
			<Option compile="0"/>
			<Option link="0"/>
			<Option target="Debug"/>
			<Option target="Release"/>
			<Option target="Release - Fast FPU"/>
		</Unit>
		<Unit filename="CSceneNodeAnimatorCollisionResponse.cpp">
			<Option compilerVar="CPP"/>
		</Unit>
		<Unit filename="CSceneNodeAnimatorCollisionResponse.h">
			<Option compilerVar="CPP"/>
			<Option compile="0"/>
			<Option link="0"/>
		</Unit>
		<Unit filename="CSceneNodeAnimatorDelete.cpp">
			<Option compilerVar="CPP"/>
		</Unit>
		<Unit filename="CSceneNodeAnimatorDelete.h">
			<Option compilerVar="CPP"/>
			<Option compile="0"/>
			<Option link="0"/>
		</Unit>
		<Unit filename="CSceneNodeAnimatorFlyCircle.cpp">
			<Option compilerVar="CPP"/>
		</Unit>
		<Unit filename="CSceneNodeAnimatorFlyCircle.h">
			<Option compilerVar="CPP"/>
			<Option compile="0"/>
			<Option link="0"/>
		</Unit>
		<Unit filename="CSceneNodeAnimatorFlyStraight.cpp">
			<Option compilerVar="CPP"/>
		</Unit>
		<Unit filename="CSceneNodeAnimatorFlyStraight.h">
			<Option compilerVar="CPP"/>
			<Option compile="0"/>
			<Option link="0"/>
		</Unit>
		<Unit filename="CSceneNodeAnimatorFollowSpline.cpp">
			<Option compilerVar="CPP"/>
		</Unit>
		<Unit filename="CSceneNodeAnimatorFollowSpline.h">
			<Option compilerVar="CPP"/>
			<Option compile="0"/>
			<Option link="0"/>
		</Unit>
		<Unit filename="CSceneNodeAnimatorRotation.cpp">
			<Option compilerVar="CPP"/>
		</Unit>
		<Unit filename="CSceneNodeAnimatorRotation.h">
			<Option compilerVar="CPP"/>
			<Option compile="0"/>
			<Option link="0"/>
		</Unit>
		<Unit filename="CSceneNodeAnimatorTexture.cpp">
			<Option compilerVar="CPP"/>
		</Unit>
		<Unit filename="CSceneNodeAnimatorTexture.h">
			<Option compilerVar="CPP"/>
			<Option compile="0"/>
			<Option link="0"/>
		</Unit>
		<Unit filename="CShadowVolumeSceneNode.cpp">
			<Option compilerVar="CPP"/>
		</Unit>
		<Unit filename="CShadowVolumeSceneNode.h">
			<Option compilerVar="CPP"/>
			<Option compile="0"/>
			<Option link="0"/>
		</Unit>
		<Unit filename="CSkinnedMesh.cpp">
			<Option compilerVar="CPP"/>
		</Unit>
		<Unit filename="CSkinnedMesh.h">
			<Option compilerVar="CPP"/>
			<Option compile="0"/>
			<Option link="0"/>
		</Unit>
		<Unit filename="CSkyBoxSceneNode.cpp">
			<Option compilerVar="CPP"/>
		</Unit>
		<Unit filename="CSkyBoxSceneNode.h">
			<Option compilerVar="CPP"/>
			<Option compile="0"/>
			<Option link="0"/>
		</Unit>
		<Unit filename="CSkyDomeSceneNode.cpp">
			<Option compilerVar="CPP"/>
		</Unit>
		<Unit filename="CSkyDomeSceneNode.h">
			<Option compilerVar="CPP"/>
			<Option compile="0"/>
			<Option link="0"/>
		</Unit>
		<Unit filename="CSoftware2MaterialRenderer.h">
			<Option compilerVar="CPP"/>
			<Option compile="0"/>
			<Option link="0"/>
		</Unit>
		<Unit filename="CSoftwareDriver.cpp">
			<Option compilerVar="CPP"/>
		</Unit>
		<Unit filename="CSoftwareDriver.h">
			<Option compilerVar="CPP"/>
			<Option compile="0"/>
			<Option link="0"/>
		</Unit>
		<Unit filename="CSoftwareDriver2.cpp">
			<Option compilerVar="CPP"/>
		</Unit>
		<Unit filename="CSoftwareDriver2.h">
			<Option compilerVar="CPP"/>
			<Option compile="0"/>
			<Option link="0"/>
		</Unit>
		<Unit filename="CSoftwareTexture.cpp">
			<Option compilerVar="CPP"/>
		</Unit>
		<Unit filename="CSoftwareTexture.h">
			<Option compilerVar="CPP"/>
			<Option compile="0"/>
			<Option link="0"/>
		</Unit>
		<Unit filename="CSoftwareTexture2.cpp">
			<Option compilerVar="CPP"/>
		</Unit>
		<Unit filename="CSoftwareTexture2.h">
			<Option compilerVar="CPP"/>
			<Option compile="0"/>
			<Option link="0"/>
		</Unit>
		<Unit filename="CSphereSceneNode.cpp">
			<Option compilerVar="CPP"/>
		</Unit>
		<Unit filename="CSphereSceneNode.h">
			<Option compilerVar="CPP"/>
			<Option compile="0"/>
			<Option link="0"/>
		</Unit>
		<Unit filename="CTRFlat.cpp">
			<Option compilerVar="CPP"/>
		</Unit>
		<Unit filename="CTRFlatWire.cpp">
			<Option compilerVar="CPP"/>
		</Unit>
		<Unit filename="CTRGouraud.cpp">
			<Option compilerVar="CPP"/>
		</Unit>
		<Unit filename="CTRGouraud2.cpp">
			<Option compilerVar="CPP"/>
		</Unit>
		<Unit filename="CTRGouraudAlpha2.cpp">
			<Option compilerVar="CPP"/>
		</Unit>
		<Unit filename="CTRGouraudAlphaNoZ2.cpp">
			<Option compilerVar="CPP"/>
		</Unit>
		<Unit filename="CTRGouraudWire.cpp">
			<Option compilerVar="CPP"/>
		</Unit>
		<Unit filename="CTRTextureBlend.cpp">
			<Option compilerVar="CPP"/>
		</Unit>
		<Unit filename="CTRTextureDetailMap2.cpp">
			<Option compilerVar="CPP"/>
		</Unit>
		<Unit filename="CTRTextureFlat.cpp">
			<Option compilerVar="CPP"/>
		</Unit>
		<Unit filename="CTRTextureFlatWire.cpp">
			<Option compilerVar="CPP"/>
		</Unit>
		<Unit filename="CTRTextureGouraud.cpp">
			<Option compilerVar="CPP"/>
		</Unit>
		<Unit filename="CTRTextureGouraud.h">
			<Option compilerVar="CPP"/>
			<Option compile="0"/>
			<Option link="0"/>
		</Unit>
		<Unit filename="CTRTextureGouraud2.cpp">
			<Option compilerVar="CPP"/>
		</Unit>
		<Unit filename="CTRTextureGouraudAdd.cpp">
			<Option compilerVar="CPP"/>
		</Unit>
		<Unit filename="CTRTextureGouraudAdd2.cpp">
			<Option compilerVar="CPP"/>
		</Unit>
		<Unit filename="CTRTextureGouraudAddNoZ2.cpp">
			<Option compilerVar="CPP"/>
		</Unit>
		<Unit filename="CTRTextureGouraudAlpha.cpp">
			<Option compilerVar="CPP"/>
		</Unit>
		<Unit filename="CTRTextureGouraudAlphaNoZ.cpp">
			<Option compilerVar="CPP"/>
		</Unit>
		<Unit filename="CTRTextureGouraudNoZ.cpp">
			<Option compilerVar="CPP"/>
		</Unit>
		<Unit filename="CTRTextureGouraudNoZ2.cpp">
			<Option compilerVar="CPP"/>
		</Unit>
		<Unit filename="CTRTextureGouraudVertexAlpha2.cpp">
			<Option compilerVar="CPP"/>
		</Unit>
		<Unit filename="CTRTextureGouraudWire.cpp">
			<Option compilerVar="CPP"/>
		</Unit>
		<Unit filename="CTRTextureLightMap2_Add.cpp">
			<Option compilerVar="CPP"/>
		</Unit>
		<Unit filename="CTRTextureLightMap2_M1.cpp">
			<Option compilerVar="CPP"/>
		</Unit>
		<Unit filename="CTRTextureLightMap2_M2.cpp">
			<Option compilerVar="CPP"/>
		</Unit>
		<Unit filename="CTRTextureLightMap2_M4.cpp">
			<Option compilerVar="CPP"/>
		</Unit>
		<Unit filename="CTRTextureLightMapGouraud2_M4.cpp">
			<Option compilerVar="CPP"/>
		</Unit>
		<Unit filename="CTRTextureWire2.cpp">
			<Option compilerVar="CPP"/>
		</Unit>
		<Unit filename="CTerrainSceneNode.cpp">
			<Option compilerVar="CPP"/>
		</Unit>
		<Unit filename="CTerrainSceneNode.h">
			<Option compilerVar="CPP"/>
			<Option compile="0"/>
			<Option link="0"/>
		</Unit>
		<Unit filename="CTerrainTriangleSelector.cpp">
			<Option compilerVar="CPP"/>
		</Unit>
		<Unit filename="CTerrainTriangleSelector.h">
			<Option compilerVar="CPP"/>
			<Option compile="0"/>
			<Option link="0"/>
		</Unit>
		<Unit filename="CTextSceneNode.cpp">
			<Option compilerVar="CPP"/>
		</Unit>
		<Unit filename="CTextSceneNode.h">
			<Option compilerVar="CPP"/>
			<Option compile="0"/>
			<Option link="0"/>
		</Unit>
		<Unit filename="CTimer.h">
			<Option compilerVar="CPP"/>
			<Option compile="0"/>
			<Option link="0"/>
		</Unit>
		<Unit filename="CTriangleBBSelector.cpp">
			<Option compilerVar="CPP"/>
		</Unit>
		<Unit filename="CTriangleBBSelector.h">
			<Option compilerVar="CPP"/>
			<Option compile="0"/>
			<Option link="0"/>
		</Unit>
		<Unit filename="CTriangleSelector.cpp">
			<Option compilerVar="CPP"/>
		</Unit>
		<Unit filename="CTriangleSelector.h">
			<Option compilerVar="CPP"/>
			<Option compile="0"/>
			<Option link="0"/>
		</Unit>
		<Unit filename="CVideoModeList.cpp">
			<Option compilerVar="CPP"/>
		</Unit>
		<Unit filename="CVideoModeList.h">
			<Option compilerVar="CPP"/>
			<Option compile="0"/>
			<Option link="0"/>
		</Unit>
		<Unit filename="CVolumeLightSceneNode.cpp">
			<Option compilerVar="CPP"/>
		</Unit>
		<Unit filename="CVolumeLightSceneNode.h">
			<Option compilerVar="CPP"/>
			<Option compile="0"/>
			<Option link="0"/>
		</Unit>
		<Unit filename="CWaterSurfaceSceneNode.cpp">
			<Option compilerVar="CPP"/>
		</Unit>
		<Unit filename="CWaterSurfaceSceneNode.h">
			<Option compilerVar="CPP"/>
			<Option compile="0"/>
			<Option link="0"/>
		</Unit>
		<Unit filename="CWriteFile.cpp">
			<Option compilerVar="CPP"/>
		</Unit>
		<Unit filename="CWriteFile.h">
			<Option compilerVar="CPP"/>
			<Option compile="0"/>
			<Option link="0"/>
		</Unit>
		<Unit filename="CXMLReader.cpp">
			<Option compilerVar="CPP"/>
		</Unit>
		<Unit filename="CXMLReader.h">
			<Option compilerVar="CPP"/>
			<Option compile="0"/>
			<Option link="0"/>
		</Unit>
		<Unit filename="CXMLReaderImpl.h">
			<Option compilerVar="CPP"/>
			<Option compile="0"/>
			<Option link="0"/>
		</Unit>
		<Unit filename="CXMLWriter.cpp">
			<Option compilerVar="CPP"/>
		</Unit>
		<Unit filename="CXMLWriter.h">
			<Option compilerVar="CPP"/>
			<Option compile="0"/>
			<Option link="0"/>
		</Unit>
		<Unit filename="CXMeshFileLoader.cpp">
			<Option compilerVar="CPP"/>
		</Unit>
		<Unit filename="CXMeshFileLoader.h">
			<Option compilerVar="CPP"/>
			<Option compile="0"/>
			<Option link="0"/>
		</Unit>
		<Unit filename="CZBuffer.cpp">
			<Option compilerVar="CPP"/>
		</Unit>
		<Unit filename="CZBuffer.h">
			<Option compilerVar="CPP"/>
			<Option compile="0"/>
			<Option link="0"/>
		</Unit>
		<Unit filename="CZipReader.cpp">
			<Option compilerVar="CPP"/>
		</Unit>
		<Unit filename="CZipReader.h">
			<Option compilerVar="CPP"/>
			<Option compile="0"/>
			<Option link="0"/>
		</Unit>
		<Unit filename="IBurningShader.cpp">
			<Option compilerVar="CPP"/>
		</Unit>
		<Unit filename="IBurningShader.h">
			<Option compilerVar="CPP"/>
			<Option compile="0"/>
			<Option link="0"/>
		</Unit>
		<Unit filename="IDepthBuffer.h">
			<Option compilerVar="CPP"/>
			<Option compile="0"/>
			<Option link="0"/>
		</Unit>
		<Unit filename="IImagePresenter.h">
			<Option compilerVar="CPP"/>
			<Option compile="0"/>
			<Option link="0"/>
		</Unit>
		<Unit filename="ITriangleRenderer.h">
			<Option compilerVar="CPP"/>
			<Option compile="0"/>
			<Option link="0"/>
		</Unit>
		<Unit filename="IZBuffer.h">
			<Option compilerVar="CPP"/>
			<Option compile="0"/>
			<Option link="0"/>
		</Unit>
		<Unit filename="Irrlicht.cpp">
			<Option compilerVar="CPP"/>
		</Unit>
		<Unit filename="OctTree.h">
			<Option compilerVar="CPP"/>
			<Option compile="0"/>
			<Option link="0"/>
		</Unit>
		<Unit filename="S2DVertex.h">
			<Option compilerVar="CPP"/>
			<Option compile="0"/>
			<Option link="0"/>
		</Unit>
		<Unit filename="S4DVertex.h">
			<Option compilerVar="CPP"/>
			<Option compile="0"/>
			<Option link="0"/>
		</Unit>
		<Unit filename="SoftwareDriver2_compile_config.h">
			<Option compilerVar="CPP"/>
			<Option compile="0"/>
			<Option link="0"/>
		</Unit>
		<Unit filename="SoftwareDriver2_helper.h">
			<Option compilerVar="CPP"/>
			<Option compile="0"/>
			<Option link="0"/>
		</Unit>
		<Unit filename="dmfsupport.h">
			<Option compilerVar="CPP"/>
			<Option compile="0"/>
			<Option link="0"/>
		</Unit>
		<Unit filename="glext.h">
			<Option compilerVar="CPP"/>
			<Option compile="0"/>
			<Option link="0"/>
		</Unit>
		<Unit filename="irrXML.cpp">
			<Option compilerVar="CPP"/>
		</Unit>
		<Unit filename="jpeglib\cderror.h">
			<Option compilerVar="CPP"/>
			<Option compile="0"/>
			<Option link="0"/>
		</Unit>
		<Unit filename="jpeglib\jcapimin.c">
			<Option compilerVar="CC"/>
		</Unit>
		<Unit filename="jpeglib\jcapistd.c">
			<Option compilerVar="CC"/>
		</Unit>
		<Unit filename="jpeglib\jccoefct.c">
			<Option compilerVar="CC"/>
		</Unit>
		<Unit filename="jpeglib\jccolor.c">
			<Option compilerVar="CC"/>
		</Unit>
		<Unit filename="jpeglib\jcdctmgr.c">
			<Option compilerVar="CC"/>
		</Unit>
		<Unit filename="jpeglib\jchuff.c">
			<Option compilerVar="CC"/>
		</Unit>
		<Unit filename="jpeglib\jchuff.h">
			<Option compilerVar="CPP"/>
			<Option compile="0"/>
			<Option link="0"/>
		</Unit>
		<Unit filename="jpeglib\jcinit.c">
			<Option compilerVar="CC"/>
		</Unit>
		<Unit filename="jpeglib\jcmainct.c">
			<Option compilerVar="CC"/>
		</Unit>
		<Unit filename="jpeglib\jcmarker.c">
			<Option compilerVar="CC"/>
		</Unit>
		<Unit filename="jpeglib\jcmaster.c">
			<Option compilerVar="CC"/>
		</Unit>
		<Unit filename="jpeglib\jcomapi.c">
			<Option compilerVar="CC"/>
		</Unit>
		<Unit filename="jpeglib\jconfig.h">
			<Option compilerVar="CPP"/>
			<Option compile="0"/>
			<Option link="0"/>
		</Unit>
		<Unit filename="jpeglib\jcparam.c">
			<Option compilerVar="CC"/>
		</Unit>
		<Unit filename="jpeglib\jcphuff.c">
			<Option compilerVar="CC"/>
		</Unit>
		<Unit filename="jpeglib\jcprepct.c">
			<Option compilerVar="CC"/>
		</Unit>
		<Unit filename="jpeglib\jcsample.c">
			<Option compilerVar="CC"/>
		</Unit>
		<Unit filename="jpeglib\jctrans.c">
			<Option compilerVar="CC"/>
		</Unit>
		<Unit filename="jpeglib\jdapimin.c">
			<Option compilerVar="CC"/>
		</Unit>
		<Unit filename="jpeglib\jdapistd.c">
			<Option compilerVar="CC"/>
		</Unit>
		<Unit filename="jpeglib\jdatadst.c">
			<Option compilerVar="CC"/>
		</Unit>
		<Unit filename="jpeglib\jdatasrc.c">
			<Option compilerVar="CC"/>
		</Unit>
		<Unit filename="jpeglib\jdcoefct.c">
			<Option compilerVar="CC"/>
		</Unit>
		<Unit filename="jpeglib\jdcolor.c">
			<Option compilerVar="CC"/>
		</Unit>
		<Unit filename="jpeglib\jdct.h">
			<Option compilerVar="CPP"/>
			<Option compile="0"/>
			<Option link="0"/>
		</Unit>
		<Unit filename="jpeglib\jddctmgr.c">
			<Option compilerVar="CC"/>
		</Unit>
		<Unit filename="jpeglib\jdhuff.c">
			<Option compilerVar="CC"/>
		</Unit>
		<Unit filename="jpeglib\jdhuff.h">
			<Option compilerVar="CPP"/>
			<Option compile="0"/>
			<Option link="0"/>
		</Unit>
		<Unit filename="jpeglib\jdinput.c">
			<Option compilerVar="CC"/>
		</Unit>
		<Unit filename="jpeglib\jdmainct.c">
			<Option compilerVar="CC"/>
		</Unit>
		<Unit filename="jpeglib\jdmarker.c">
			<Option compilerVar="CC"/>
		</Unit>
		<Unit filename="jpeglib\jdmaster.c">
			<Option compilerVar="CC"/>
		</Unit>
		<Unit filename="jpeglib\jdmerge.c">
			<Option compilerVar="CC"/>
		</Unit>
		<Unit filename="jpeglib\jdphuff.c">
			<Option compilerVar="CC"/>
		</Unit>
		<Unit filename="jpeglib\jdpostct.c">
			<Option compilerVar="CC"/>
		</Unit>
		<Unit filename="jpeglib\jdsample.c">
			<Option compilerVar="CC"/>
		</Unit>
		<Unit filename="jpeglib\jdtrans.c">
			<Option compilerVar="CC"/>
		</Unit>
		<Unit filename="jpeglib\jerror.c">
			<Option compilerVar="CC"/>
		</Unit>
		<Unit filename="jpeglib\jerror.h">
			<Option compilerVar="CPP"/>
			<Option compile="0"/>
			<Option link="0"/>
		</Unit>
		<Unit filename="jpeglib\jfdctflt.c">
			<Option compilerVar="CC"/>
		</Unit>
		<Unit filename="jpeglib\jfdctfst.c">
			<Option compilerVar="CC"/>
		</Unit>
		<Unit filename="jpeglib\jfdctint.c">
			<Option compilerVar="CC"/>
		</Unit>
		<Unit filename="jpeglib\jidctflt.c">
			<Option compilerVar="CC"/>
		</Unit>
		<Unit filename="jpeglib\jidctfst.c">
			<Option compilerVar="CC"/>
		</Unit>
		<Unit filename="jpeglib\jidctint.c">
			<Option compilerVar="CC"/>
		</Unit>
		<Unit filename="jpeglib\jidctred.c">
			<Option compilerVar="CC"/>
		</Unit>
		<Unit filename="jpeglib\jinclude.h">
			<Option compilerVar="CPP"/>
			<Option compile="0"/>
			<Option link="0"/>
		</Unit>
		<Unit filename="jpeglib\jmemmgr.c">
			<Option compilerVar="CC"/>
		</Unit>
		<Unit filename="jpeglib\jmemnobs.c">
			<Option compilerVar="CC"/>
		</Unit>
		<Unit filename="jpeglib\jmemsys.h">
			<Option compilerVar="CPP"/>
			<Option compile="0"/>
			<Option link="0"/>
		</Unit>
		<Unit filename="jpeglib\jmorecfg.h">
			<Option compilerVar="CPP"/>
			<Option compile="0"/>
			<Option link="0"/>
		</Unit>
		<Unit filename="jpeglib\jpegint.h">
			<Option compilerVar="CPP"/>
			<Option compile="0"/>
			<Option link="0"/>
		</Unit>
		<Unit filename="jpeglib\jpeglib.h">
			<Option compilerVar="CPP"/>
			<Option compile="0"/>
			<Option link="0"/>
		</Unit>
		<Unit filename="jpeglib\jquant1.c">
			<Option compilerVar="CC"/>
		</Unit>
		<Unit filename="jpeglib\jquant2.c">
			<Option compilerVar="CC"/>
		</Unit>
		<Unit filename="jpeglib\jutils.c">
			<Option compilerVar="CC"/>
		</Unit>
		<Unit filename="jpeglib\jversion.h">
			<Option compilerVar="CPP"/>
			<Option compile="0"/>
			<Option link="0"/>
		</Unit>
		<Unit filename="libpng\png.c">
			<Option compilerVar="CC"/>
		</Unit>
		<Unit filename="libpng\png.h">
			<Option compilerVar="CPP"/>
			<Option compile="0"/>
			<Option link="0"/>
		</Unit>
		<Unit filename="libpng\pngconf.h">
			<Option compilerVar="CPP"/>
			<Option compile="0"/>
			<Option link="0"/>
		</Unit>
		<Unit filename="libpng\pngerror.c">
			<Option compilerVar="CC"/>
		</Unit>
		<Unit filename="libpng\pngget.c">
			<Option compilerVar="CC"/>
		</Unit>
		<Unit filename="libpng\pngmem.c">
			<Option compilerVar="CC"/>
		</Unit>
		<Unit filename="libpng\pngpread.c">
			<Option compilerVar="CC"/>
		</Unit>
		<Unit filename="libpng\pngread.c">
			<Option compilerVar="CC"/>
		</Unit>
		<Unit filename="libpng\pngrio.c">
			<Option compilerVar="CC"/>
		</Unit>
		<Unit filename="libpng\pngrtran.c">
			<Option compilerVar="CC"/>
		</Unit>
		<Unit filename="libpng\pngrutil.c">
			<Option compilerVar="CC"/>
		</Unit>
		<Unit filename="libpng\pngset.c">
			<Option compilerVar="CC"/>
		</Unit>
		<Unit filename="libpng\pngtrans.c">
			<Option compilerVar="CC"/>
		</Unit>
		<Unit filename="libpng\pngwio.c">
			<Option compilerVar="CC"/>
		</Unit>
		<Unit filename="libpng\pngwrite.c">
			<Option compilerVar="CC"/>
		</Unit>
		<Unit filename="libpng\pngwtran.c">
			<Option compilerVar="CC"/>
		</Unit>
		<Unit filename="libpng\pngwutil.c">
			<Option compilerVar="CC"/>
		</Unit>
		<Unit filename="os.cpp">
			<Option compilerVar="CPP"/>
		</Unit>
		<Unit filename="os.h">
			<Option compilerVar="CPP"/>
			<Option compile="0"/>
			<Option link="0"/>
		</Unit>
		<Unit filename="zlib\adler32.c">
			<Option compilerVar="CC"/>
		</Unit>
		<Unit filename="zlib\compress.c">
			<Option compilerVar="CC"/>
		</Unit>
		<Unit filename="zlib\crc32.c">
			<Option compilerVar="CC"/>
		</Unit>
		<Unit filename="zlib\crc32.h">
			<Option compilerVar="CPP"/>
			<Option compile="0"/>
			<Option link="0"/>
		</Unit>
		<Unit filename="zlib\deflate.c">
			<Option compilerVar="CC"/>
		</Unit>
		<Unit filename="zlib\deflate.h">
			<Option compilerVar="CPP"/>
			<Option compile="0"/>
			<Option link="0"/>
		</Unit>
		<Unit filename="zlib\inffast.c">
			<Option compilerVar="CC"/>
		</Unit>
		<Unit filename="zlib\inffast.h">
			<Option compilerVar="CPP"/>
			<Option compile="0"/>
			<Option link="0"/>
		</Unit>
		<Unit filename="zlib\inffixed.h">
			<Option compilerVar="CPP"/>
			<Option compile="0"/>
			<Option link="0"/>
		</Unit>
		<Unit filename="zlib\inflate.c">
			<Option compilerVar="CC"/>
		</Unit>
		<Unit filename="zlib\inftrees.c">
			<Option compilerVar="CC"/>
		</Unit>
		<Unit filename="zlib\inftrees.h">
			<Option compilerVar="CPP"/>
			<Option compile="0"/>
			<Option link="0"/>
		</Unit>
		<Unit filename="zlib\trees.c">
			<Option compilerVar="CC"/>
		</Unit>
		<Unit filename="zlib\trees.h">
			<Option compilerVar="CPP"/>
			<Option compile="0"/>
			<Option link="0"/>
		</Unit>
		<Unit filename="zlib\uncompr.c">
			<Option compilerVar="CC"/>
		</Unit>
		<Unit filename="zlib\zconf.h">
			<Option compilerVar="CPP"/>
			<Option compile="0"/>
			<Option link="0"/>
		</Unit>
		<Unit filename="zlib\zlib.h">
			<Option compilerVar="CPP"/>
			<Option compile="0"/>
			<Option link="0"/>
		</Unit>
		<Unit filename="zlib\zutil.c">
			<Option compilerVar="CC"/>
		</Unit>
		<Unit filename="zlib\zutil.h">
			<Option compilerVar="CPP"/>
			<Option compile="0"/>
			<Option link="0"/>
		</Unit>
	</Project>
</CodeBlocks_project_file>
