
Microsoft Visual Studio Solution File, Format Version 11.00
# Visual Studio 2010
Project("{8BC9CEB8-8B4A-11D0-8D11-00A0C91BC942}") = "Irrlicht", "..\source\Irrlicht\Irrlicht10.0.vcxproj", "{E08E042A-6C45-411B-92BE-3CC31331019F}"
EndProject
Project("{8BC9CEB8-8B4A-11D0-8D11-00A0C91BC942}") = "01.HelloWorld", "01.HelloWorld\HelloWorld_vc10.vcxproj", "{5AD4C95C-BA38-4692-BA4B-8C25A86208F9}"
	ProjectSection(ProjectDependencies) = postProject
		{E08E042A-6C45-411B-92BE-3CC31331019F} = {E08E042A-6C45-411B-92BE-3CC31331019F}
	EndProjectSection
EndProject
Project("{8BC9CEB8-8B4A-11D0-8D11-00A0C91BC942}") = "02.Quake3Map", "02.Quake3Map\Quake3Map_vc10.vcxproj", "{D1A464A2-D479-458C-98A2-60965D823CD1}"
	ProjectSection(ProjectDependencies) = postProject
		{E08E042A-6C45-411B-92BE-3CC31331019F} = {E08E042A-6C45-411B-92BE-3CC31331019F}
	EndProjectSection
EndProject
Project("{8BC9CEB8-8B4A-11D0-8D11-00A0C91BC942}") = "03.CustomSceneNode", "03.CustomSceneNode\CustomSceneNode_vc10.vcxproj", "{171CCDFA-C140-4956-8EB7-F0168F4521D3}"
	ProjectSection(ProjectDependencies) = postProject
		{E08E042A-6C45-411B-92BE-3CC31331019F} = {E08E042A-6C45-411B-92BE-3CC31331019F}
	EndProjectSection
EndProject
Project("{8BC9CEB8-8B4A-11D0-8D11-00A0C91BC942}") = "04.Movement", "04.Movement\Movement_vc10.vcxproj", "{7BDBB7E8-E0C9-4A0D-83C1-D389D6140FEF}"
	ProjectSection(ProjectDependencies) = postProject
		{E08E042A-6C45-411B-92BE-3CC31331019F} = {E08E042A-6C45-411B-92BE-3CC31331019F}
	EndProjectSection
EndProject
Project("{8BC9CEB8-8B4A-11D0-8D11-00A0C91BC942}") = "05.UserInterface", "05.UserInterface\UserInterface_vc10.vcxproj", "{622C9DD7-0391-49FF-AF53-24F9D5A8EC53}"
	ProjectSection(ProjectDependencies) = postProject
		{E08E042A-6C45-411B-92BE-3CC31331019F} = {E08E042A-6C45-411B-92BE-3CC31331019F}
	EndProjectSection
EndProject
Project("{8BC9CEB8-8B4A-11D0-8D11-00A0C91BC942}") = "06.2DGraphics", "06.2DGraphics\2DGraphics_vc10.vcxproj", "{E71B6F18-10DC-4101-A541-F6D33F71B2BD}"
	ProjectSection(ProjectDependencies) = postProject
		{E08E042A-6C45-411B-92BE-3CC31331019F} = {E08E042A-6C45-411B-92BE-3CC31331019F}
	EndProjectSection
EndProject
Project("{8BC9CEB8-8B4A-11D0-8D11-00A0C91BC942}") = "07.Collision", "07.Collision\Collision_vc10.vcxproj", "{3E30297B-5BE3-4A5C-B31E-08A28ADDB29E}"
	ProjectSection(ProjectDependencies) = postProject
		{E08E042A-6C45-411B-92BE-3CC31331019F} = {E08E042A-6C45-411B-92BE-3CC31331019F}
	EndProjectSection
EndProject
Project("{8BC9CEB8-8B4A-11D0-8D11-00A0C91BC942}") = "08.SpecialFX", "08.SpecialFX\SpecialFX_vc10.vcxproj", "{C869BF55-B9D6-4980-BC92-60FA0CF8411A}"
	ProjectSection(ProjectDependencies) = postProject
		{E08E042A-6C45-411B-92BE-3CC31331019F} = {E08E042A-6C45-411B-92BE-3CC31331019F}
	EndProjectSection
EndProject
Project("{8BC9CEB8-8B4A-11D0-8D11-00A0C91BC942}") = "09.Meshviewer", "09.Meshviewer\Meshviewer_vc10.vcxproj", "{2AE24484-22FC-481B-9A40-7CD0DA5C8E06}"
	ProjectSection(ProjectDependencies) = postProject
		{E08E042A-6C45-411B-92BE-3CC31331019F} = {E08E042A-6C45-411B-92BE-3CC31331019F}
	EndProjectSection
EndProject
Project("{8BC9CEB8-8B4A-11D0-8D11-00A0C91BC942}") = "10.Shaders", "10.Shaders\Shaders_vc10.vcxproj", "{27158C82-CD15-4A9B-9848-35E7065B209F}"
	ProjectSection(ProjectDependencies) = postProject
		{E08E042A-6C45-411B-92BE-3CC31331019F} = {E08E042A-6C45-411B-92BE-3CC31331019F}
	EndProjectSection
EndProject
Project("{8BC9CEB8-8B4A-11D0-8D11-00A0C91BC942}") = "11.PerPixelLighting", "11.PerPixelLighting\PerPixelLighting_vc10.vcxproj", "{C4B42409-542D-4EFC-9E6B-44713FD47A33}"
	ProjectSection(ProjectDependencies) = postProject
		{E08E042A-6C45-411B-92BE-3CC31331019F} = {E08E042A-6C45-411B-92BE-3CC31331019F}
	EndProjectSection
EndProject
Project("{8BC9CEB8-8B4A-11D0-8D11-00A0C91BC942}") = "12.TerrainRendering", "12.TerrainRendering\TerrainRendering_vc10.vcxproj", "{3A5B74E5-6390-43B0-A459-2793B81FFD31}"
	ProjectSection(ProjectDependencies) = postProject
		{E08E042A-6C45-411B-92BE-3CC31331019F} = {E08E042A-6C45-411B-92BE-3CC31331019F}
	EndProjectSection
EndProject
Project("{8BC9CEB8-8B4A-11D0-8D11-00A0C91BC942}") = "13.RenderToTexture", "13.RenderToTexture\RenderToTexture_vc10.vcxproj", "{0914E5C8-5352-467B-8421-C9EB35BD5596}"
	ProjectSection(ProjectDependencies) = postProject
		{E08E042A-6C45-411B-92BE-3CC31331019F} = {E08E042A-6C45-411B-92BE-3CC31331019F}
	EndProjectSection
EndProject
Project("{8BC9CEB8-8B4A-11D0-8D11-00A0C91BC942}") = "14.Win32Window", "14.Win32Window\Win32Window_vc10.vcxproj", "{772FBE05-D05A-467B-9842-BEC409EEA8D0}"
	ProjectSection(ProjectDependencies) = postProject
		{E08E042A-6C45-411B-92BE-3CC31331019F} = {E08E042A-6C45-411B-92BE-3CC31331019F}
	EndProjectSection
EndProject
Project("{8BC9CEB8-8B4A-11D0-8D11-00A0C91BC942}") = "15.LoadIrrFile", "15.LoadIrrFile\LoadIrrFile_vc10.vcxproj", "{78C9F424-523C-49AC-94B7-823AA4A26BF9}"
	ProjectSection(ProjectDependencies) = postProject
		{E08E042A-6C45-411B-92BE-3CC31331019F} = {E08E042A-6C45-411B-92BE-3CC31331019F}
	EndProjectSection
EndProject
Project("{8BC9CEB8-8B4A-11D0-8D11-00A0C91BC942}") = "16.Quake3MapShader", "16.Quake3MapShader\Quake3MapShader_vc10.vcxproj", "{EB3B38EA-5CE7-4983-845B-880661E69D09}"
	ProjectSection(ProjectDependencies) = postProject
		{E08E042A-6C45-411B-92BE-3CC31331019F} = {E08E042A-6C45-411B-92BE-3CC31331019F}
	EndProjectSection
EndProject
Project("{8BC9CEB8-8B4A-11D0-8D11-00A0C91BC942}") = "17.HelloWorld_Mobile", "17.HelloWorld_Mobile\17. HelloWorld for Windows Mobile on PC_vc10.vcxproj", "{2A29B6B1-AFC4-46C7-9944-7052AAE66F7B}"
	ProjectSection(ProjectDependencies) = postProject
		{E08E042A-6C45-411B-92BE-3CC31331019F} = {E08E042A-6C45-411B-92BE-3CC31331019F}
	EndProjectSection
EndProject
Project("{8BC9CEB8-8B4A-11D0-8D11-00A0C91BC942}") = "18.SplitScreen", "18.SplitScreen\SplitScreen_vc10.vcxproj", "{1AB9413E-4F53-42A3-8CB2-CB4BE22336D0}"
	ProjectSection(ProjectDependencies) = postProject
		{E08E042A-6C45-411B-92BE-3CC31331019F} = {E08E042A-6C45-411B-92BE-3CC31331019F}
	EndProjectSection
EndProject
Project("{8BC9CEB8-8B4A-11D0-8D11-00A0C91BC942}") = "19.MouseAndJoystick", "19.MouseAndJoystick\MouseAndJoystick_vc10.vcxproj", "{FE853A36-E0D1-4AC5-A792-B643E70D2953}"
	ProjectSection(ProjectDependencies) = postProject
		{E08E042A-6C45-411B-92BE-3CC31331019F} = {E08E042A-6C45-411B-92BE-3CC31331019F}
	EndProjectSection
EndProject
Project("{8BC9CEB8-8B4A-11D0-8D11-00A0C91BC942}") = "20.ManagedLights", "20.ManagedLights\ManagedLights_vc10.vcxproj", "{16007FE2-142B-47F8-93E1-519BA3F39E71}"
	ProjectSection(ProjectDependencies) = postProject
		{E08E042A-6C45-411B-92BE-3CC31331019F} = {E08E042A-6C45-411B-92BE-3CC31331019F}
	EndProjectSection
EndProject
Project("{8BC9CEB8-8B4A-11D0-8D11-00A0C91BC942}") = "21.Quake3Explorer", "21.Quake3Explorer\Quake3Explorer_vc10.vcxproj", "{CDC4AAA9-72E1-4FFA-A04D-7EF59D8B97CD}"
	ProjectSection(ProjectDependencies) = postProject
		{E08E042A-6C45-411B-92BE-3CC31331019F} = {E08E042A-6C45-411B-92BE-3CC31331019F}
	EndProjectSection
EndProject
Project("{8BC9CEB8-8B4A-11D0-8D11-00A0C91BC942}") = "22.MaterialViewer", "22.MaterialViewer\MaterialViewer_vc10.vcxproj", "{4E6C2F8D-BA92-4C5B-96FD-72D4FE8BD7FA}"
	ProjectSection(ProjectDependencies) = postProject
		{E08E042A-6C45-411B-92BE-3CC31331019F} = {E08E042A-6C45-411B-92BE-3CC31331019F}
	EndProjectSection
EndProject
Project("{8BC9CEB8-8B4A-11D0-8D11-00A0C91BC942}") = "23.SMeshHandling", "23.SMeshHandling\SMeshHandling_vc10.vcxproj", "{6AEC2AA2-C9FF-4B7D-B07A-94A9D34B41D7}"
	ProjectSection(ProjectDependencies) = postProject
		{E08E042A-6C45-411B-92BE-3CC31331019F} = {E08E042A-6C45-411B-92BE-3CC31331019F}
	EndProjectSection
EndProject
Project("{8BC9CEB8-8B4A-11D0-8D11-00A0C91BC942}") = "24.CursorControl", "24.CursorControl\CursorControl_vc10.vcxproj", "{02B67A37-50E1-49DB-BECF-905BC029C2FE}"
	ProjectSection(ProjectDependencies) = postProject
		{E08E042A-6C45-411B-92BE-3CC31331019F} = {E08E042A-6C45-411B-92BE-3CC31331019F}
	EndProjectSection
EndProject
Project("{8BC9CEB8-8B4A-11D0-8D11-00A0C91BC942}") = "Demo", "Demo\Demo_vc10.vcxproj", "{6F076455-D955-45D4-9C68-4AD4E45F2D47}"
	ProjectSection(ProjectDependencies) = postProject
		{E08E042A-6C45-411B-92BE-3CC31331019F} = {E08E042A-6C45-411B-92BE-3CC31331019F}
	EndProjectSection
EndProject
Project("{8BC9CEB8-8B4A-11D0-8D11-00A0C91BC942}") = "GUIEditor", "..\tools\GUIEditor\GUI Editor_vc10.vcxproj", "{853A396E-C031-4C26-A716-5B4E176BE11D}"
EndProject
Project("{8BC9CEB8-8B4A-11D0-8D11-00A0C91BC942}") = "FontTool", "..\tools\IrrFontTool\newFontTool\irrFontTool_vc10.vcxproj", "{4D53E40F-37E3-42B1-8848-F4C6F8313A17}"
EndProject
Project("{8BC9CEB8-8B4A-11D0-8D11-00A0C91BC942}") = "MeshConverter", "..\tools\MeshConverter\MeshConverter_vc10.vcxproj", "{E72B637E-4AA6-46F3-885F-AC67B4B470ED}"
EndProject
Project("{8BC9CEB8-8B4A-11D0-8D11-00A0C91BC942}") = "26.OcclusionQuery", "26.OcclusionQuery\OcclusionQuery_vc10.vcxproj", "{5CE0E2E7-879D-4152-B61D-24E7D0707B45}"
	ProjectSection(ProjectDependencies) = postProject
		{E08E042A-6C45-411B-92BE-3CC31331019F} = {E08E042A-6C45-411B-92BE-3CC31331019F}
	EndProjectSection
EndProject
Project("{8BC9CEB8-8B4A-11D0-8D11-00A0C91BC942}") = "25.XmlHandling", "25.XmlHandling\XmlHandling_vc10.vcxproj", "{8FDA260E-EF27-4F8C-8720-7AF707DD0D9E}"
	ProjectSection(ProjectDependencies) = postProject
		{E08E042A-6C45-411B-92BE-3CC31331019F} = {E08E042A-6C45-411B-92BE-3CC31331019F}
	EndProjectSection
EndProject
Global
	GlobalSection(SolutionConfigurationPlatforms) = preSolution
		Debug|Win32 = Debug|Win32
		Debug|x64 = Debug|x64
		Release|Win32 = Release|Win32
		Release|x64 = Release|x64
	EndGlobalSection
	GlobalSection(ProjectConfigurationPlatforms) = postSolution
		{E08E042A-6C45-411B-92BE-3CC31331019F}.Debug|Win32.ActiveCfg = Debug|Win32
		{E08E042A-6C45-411B-92BE-3CC31331019F}.Debug|Win32.Build.0 = Debug|Win32
		{E08E042A-6C45-411B-92BE-3CC31331019F}.Debug|x64.ActiveCfg = Debug|x64
		{E08E042A-6C45-411B-92BE-3CC31331019F}.Debug|x64.Build.0 = Debug|x64
		{E08E042A-6C45-411B-92BE-3CC31331019F}.Debug|x64.Build.2 = Static lib - Release - Fast FPU|x64
		{E08E042A-6C45-411B-92BE-3CC31331019F}.Debug|x64.Build.4 = SDL-Debug|x64
		{E08E042A-6C45-411B-92BE-3CC31331019F}.Release|Win32.ActiveCfg = Release|Win32
		{E08E042A-6C45-411B-92BE-3CC31331019F}.Release|Win32.Build.0 = Release|Win32
		{E08E042A-6C45-411B-92BE-3CC31331019F}.Release|x64.ActiveCfg = Release|x64
		{E08E042A-6C45-411B-92BE-3CC31331019F}.Release|x64.Build.0 = Release|x64
		{5AD4C95C-BA38-4692-BA4B-8C25A86208F9}.Debug|Win32.ActiveCfg = Debug|Win32
		{5AD4C95C-BA38-4692-BA4B-8C25A86208F9}.Debug|Win32.Build.0 = Debug|Win32
		{5AD4C95C-BA38-4692-BA4B-8C25A86208F9}.Debug|x64.ActiveCfg = Debug|x64
		{5AD4C95C-BA38-4692-BA4B-8C25A86208F9}.Debug|x64.Build.0 = Debug|x64
		{5AD4C95C-BA38-4692-BA4B-8C25A86208F9}.Release|Win32.ActiveCfg = Release|Win32
		{5AD4C95C-BA38-4692-BA4B-8C25A86208F9}.Release|Win32.Build.0 = Release|Win32
		{5AD4C95C-BA38-4692-BA4B-8C25A86208F9}.Release|x64.ActiveCfg = Release|x64
		{5AD4C95C-BA38-4692-BA4B-8C25A86208F9}.Release|x64.Build.0 = Release|x64
		{D1A464A2-D479-458C-98A2-60965D823CD1}.Debug|Win32.ActiveCfg = Debug|Win32
		{D1A464A2-D479-458C-98A2-60965D823CD1}.Debug|Win32.Build.0 = Debug|Win32
		{D1A464A2-D479-458C-98A2-60965D823CD1}.Debug|x64.ActiveCfg = Debug|x64
		{D1A464A2-D479-458C-98A2-60965D823CD1}.Debug|x64.Build.0 = Debug|x64
		{D1A464A2-D479-458C-98A2-60965D823CD1}.Release|Win32.ActiveCfg = Release|Win32
		{D1A464A2-D479-458C-98A2-60965D823CD1}.Release|Win32.Build.0 = Release|Win32
		{D1A464A2-D479-458C-98A2-60965D823CD1}.Release|x64.ActiveCfg = Release|x64
		{D1A464A2-D479-458C-98A2-60965D823CD1}.Release|x64.Build.0 = Release|x64
		{171CCDFA-C140-4956-8EB7-F0168F4521D3}.Debug|Win32.ActiveCfg = Debug|Win32
		{171CCDFA-C140-4956-8EB7-F0168F4521D3}.Debug|Win32.Build.0 = Debug|Win32
		{171CCDFA-C140-4956-8EB7-F0168F4521D3}.Debug|x64.ActiveCfg = Debug|x64
		{171CCDFA-C140-4956-8EB7-F0168F4521D3}.Debug|x64.Build.0 = Debug|x64
		{171CCDFA-C140-4956-8EB7-F0168F4521D3}.Release|Win32.ActiveCfg = Release|Win32
		{171CCDFA-C140-4956-8EB7-F0168F4521D3}.Release|Win32.Build.0 = Release|Win32
		{171CCDFA-C140-4956-8EB7-F0168F4521D3}.Release|x64.ActiveCfg = Release|x64
		{171CCDFA-C140-4956-8EB7-F0168F4521D3}.Release|x64.Build.0 = Release|x64
		{7BDBB7E8-E0C9-4A0D-83C1-D389D6140FEF}.Debug|Win32.ActiveCfg = Debug|Win32
		{7BDBB7E8-E0C9-4A0D-83C1-D389D6140FEF}.Debug|Win32.Build.0 = Debug|Win32
		{7BDBB7E8-E0C9-4A0D-83C1-D389D6140FEF}.Debug|x64.ActiveCfg = Debug|x64
		{7BDBB7E8-E0C9-4A0D-83C1-D389D6140FEF}.Debug|x64.Build.0 = Debug|x64
		{7BDBB7E8-E0C9-4A0D-83C1-D389D6140FEF}.Release|Win32.ActiveCfg = Release|Win32
		{7BDBB7E8-E0C9-4A0D-83C1-D389D6140FEF}.Release|Win32.Build.0 = Release|Win32
		{7BDBB7E8-E0C9-4A0D-83C1-D389D6140FEF}.Release|x64.ActiveCfg = Release|x64
		{7BDBB7E8-E0C9-4A0D-83C1-D389D6140FEF}.Release|x64.Build.0 = Release|x64
		{622C9DD7-0391-49FF-AF53-24F9D5A8EC53}.Debug|Win32.ActiveCfg = Debug|Win32
		{622C9DD7-0391-49FF-AF53-24F9D5A8EC53}.Debug|Win32.Build.0 = Debug|Win32
		{622C9DD7-0391-49FF-AF53-24F9D5A8EC53}.Debug|x64.ActiveCfg = Debug|x64
		{622C9DD7-0391-49FF-AF53-24F9D5A8EC53}.Debug|x64.Build.0 = Debug|x64
		{622C9DD7-0391-49FF-AF53-24F9D5A8EC53}.Release|Win32.ActiveCfg = Release|Win32
		{622C9DD7-0391-49FF-AF53-24F9D5A8EC53}.Release|Win32.Build.0 = Release|Win32
		{622C9DD7-0391-49FF-AF53-24F9D5A8EC53}.Release|x64.ActiveCfg = Release|x64
		{622C9DD7-0391-49FF-AF53-24F9D5A8EC53}.Release|x64.Build.0 = Release|x64
		{E71B6F18-10DC-4101-A541-F6D33F71B2BD}.Debug|Win32.ActiveCfg = Debug|Win32
		{E71B6F18-10DC-4101-A541-F6D33F71B2BD}.Debug|Win32.Build.0 = Debug|Win32
		{E71B6F18-10DC-4101-A541-F6D33F71B2BD}.Debug|x64.ActiveCfg = Debug|x64
		{E71B6F18-10DC-4101-A541-F6D33F71B2BD}.Debug|x64.Build.0 = Debug|x64
		{E71B6F18-10DC-4101-A541-F6D33F71B2BD}.Release|Win32.ActiveCfg = Release|Win32
		{E71B6F18-10DC-4101-A541-F6D33F71B2BD}.Release|Win32.Build.0 = Release|Win32
		{E71B6F18-10DC-4101-A541-F6D33F71B2BD}.Release|x64.ActiveCfg = Release|x64
		{E71B6F18-10DC-4101-A541-F6D33F71B2BD}.Release|x64.Build.0 = Release|x64
		{3E30297B-5BE3-4A5C-B31E-08A28ADDB29E}.Debug|Win32.ActiveCfg = Debug|Win32
		{3E30297B-5BE3-4A5C-B31E-08A28ADDB29E}.Debug|Win32.Build.0 = Debug|Win32
		{3E30297B-5BE3-4A5C-B31E-08A28ADDB29E}.Debug|x64.ActiveCfg = Debug|x64
		{3E30297B-5BE3-4A5C-B31E-08A28ADDB29E}.Debug|x64.Build.0 = Debug|x64
		{3E30297B-5BE3-4A5C-B31E-08A28ADDB29E}.Release|Win32.ActiveCfg = Release|Win32
		{3E30297B-5BE3-4A5C-B31E-08A28ADDB29E}.Release|Win32.Build.0 = Release|Win32
		{3E30297B-5BE3-4A5C-B31E-08A28ADDB29E}.Release|x64.ActiveCfg = Release|x64
		{3E30297B-5BE3-4A5C-B31E-08A28ADDB29E}.Release|x64.Build.0 = Release|x64
		{C869BF55-B9D6-4980-BC92-60FA0CF8411A}.Debug|Win32.ActiveCfg = Debug|Win32
		{C869BF55-B9D6-4980-BC92-60FA0CF8411A}.Debug|Win32.Build.0 = Debug|Win32
		{C869BF55-B9D6-4980-BC92-60FA0CF8411A}.Debug|x64.ActiveCfg = Debug|x64
		{C869BF55-B9D6-4980-BC92-60FA0CF8411A}.Debug|x64.Build.0 = Debug|x64
		{C869BF55-B9D6-4980-BC92-60FA0CF8411A}.Release|Win32.ActiveCfg = Release|Win32
		{C869BF55-B9D6-4980-BC92-60FA0CF8411A}.Release|Win32.Build.0 = Release|Win32
		{C869BF55-B9D6-4980-BC92-60FA0CF8411A}.Release|x64.ActiveCfg = Release|x64
		{C869BF55-B9D6-4980-BC92-60FA0CF8411A}.Release|x64.Build.0 = Release|x64
		{2AE24484-22FC-481B-9A40-7CD0DA5C8E06}.Debug|Win32.ActiveCfg = Debug|Win32
		{2AE24484-22FC-481B-9A40-7CD0DA5C8E06}.Debug|Win32.Build.0 = Debug|Win32
		{2AE24484-22FC-481B-9A40-7CD0DA5C8E06}.Debug|x64.ActiveCfg = Debug|x64
		{2AE24484-22FC-481B-9A40-7CD0DA5C8E06}.Debug|x64.Build.0 = Debug|x64
		{2AE24484-22FC-481B-9A40-7CD0DA5C8E06}.Release|Win32.ActiveCfg = Release|Win32
		{2AE24484-22FC-481B-9A40-7CD0DA5C8E06}.Release|Win32.Build.0 = Release|Win32
		{2AE24484-22FC-481B-9A40-7CD0DA5C8E06}.Release|x64.ActiveCfg = Release|x64
		{2AE24484-22FC-481B-9A40-7CD0DA5C8E06}.Release|x64.Build.0 = Release|x64
		{27158C82-CD15-4A9B-9848-35E7065B209F}.Debug|Win32.ActiveCfg = Debug|Win32
		{27158C82-CD15-4A9B-9848-35E7065B209F}.Debug|Win32.Build.0 = Debug|Win32
		{27158C82-CD15-4A9B-9848-35E7065B209F}.Debug|x64.ActiveCfg = Debug|x64
		{27158C82-CD15-4A9B-9848-35E7065B209F}.Debug|x64.Build.0 = Debug|x64
		{27158C82-CD15-4A9B-9848-35E7065B209F}.Release|Win32.ActiveCfg = Release|Win32
		{27158C82-CD15-4A9B-9848-35E7065B209F}.Release|Win32.Build.0 = Release|Win32
		{27158C82-CD15-4A9B-9848-35E7065B209F}.Release|x64.ActiveCfg = Release|x64
		{27158C82-CD15-4A9B-9848-35E7065B209F}.Release|x64.Build.0 = Release|x64
		{C4B42409-542D-4EFC-9E6B-44713FD47A33}.Debug|Win32.ActiveCfg = Debug|Win32
		{C4B42409-542D-4EFC-9E6B-44713FD47A33}.Debug|Win32.Build.0 = Debug|Win32
		{C4B42409-542D-4EFC-9E6B-44713FD47A33}.Debug|x64.ActiveCfg = Debug|x64
		{C4B42409-542D-4EFC-9E6B-44713FD47A33}.Debug|x64.Build.0 = Debug|x64
		{C4B42409-542D-4EFC-9E6B-44713FD47A33}.Release|Win32.ActiveCfg = Release|Win32
		{C4B42409-542D-4EFC-9E6B-44713FD47A33}.Release|Win32.Build.0 = Release|Win32
		{C4B42409-542D-4EFC-9E6B-44713FD47A33}.Release|x64.ActiveCfg = Release|x64
		{C4B42409-542D-4EFC-9E6B-44713FD47A33}.Release|x64.Build.0 = Release|x64
		{3A5B74E5-6390-43B0-A459-2793B81FFD31}.Debug|Win32.ActiveCfg = Debug|Win32
		{3A5B74E5-6390-43B0-A459-2793B81FFD31}.Debug|Win32.Build.0 = Debug|Win32
		{3A5B74E5-6390-43B0-A459-2793B81FFD31}.Debug|x64.ActiveCfg = Debug|x64
		{3A5B74E5-6390-43B0-A459-2793B81FFD31}.Debug|x64.Build.0 = Debug|x64
		{3A5B74E5-6390-43B0-A459-2793B81FFD31}.Release|Win32.ActiveCfg = Release|Win32
		{3A5B74E5-6390-43B0-A459-2793B81FFD31}.Release|Win32.Build.0 = Release|Win32
		{3A5B74E5-6390-43B0-A459-2793B81FFD31}.Release|x64.ActiveCfg = Release|x64
		{3A5B74E5-6390-43B0-A459-2793B81FFD31}.Release|x64.Build.0 = Release|x64
		{0914E5C8-5352-467B-8421-C9EB35BD5596}.Debug|Win32.ActiveCfg = Debug|Win32
		{0914E5C8-5352-467B-8421-C9EB35BD5596}.Debug|Win32.Build.0 = Debug|Win32
		{0914E5C8-5352-467B-8421-C9EB35BD5596}.Debug|x64.ActiveCfg = Debug|x64
		{0914E5C8-5352-467B-8421-C9EB35BD5596}.Debug|x64.Build.0 = Debug|x64
		{0914E5C8-5352-467B-8421-C9EB35BD5596}.Release|Win32.ActiveCfg = Release|Win32
		{0914E5C8-5352-467B-8421-C9EB35BD5596}.Release|Win32.Build.0 = Release|Win32
		{0914E5C8-5352-467B-8421-C9EB35BD5596}.Release|x64.ActiveCfg = Release|x64
		{0914E5C8-5352-467B-8421-C9EB35BD5596}.Release|x64.Build.0 = Release|x64
		{772FBE05-D05A-467B-9842-BEC409EEA8D0}.Debug|Win32.ActiveCfg = Debug|Win32
		{772FBE05-D05A-467B-9842-BEC409EEA8D0}.Debug|Win32.Build.0 = Debug|Win32
		{772FBE05-D05A-467B-9842-BEC409EEA8D0}.Debug|x64.ActiveCfg = Debug|x64
		{772FBE05-D05A-467B-9842-BEC409EEA8D0}.Debug|x64.Build.0 = Debug|x64
		{772FBE05-D05A-467B-9842-BEC409EEA8D0}.Release|Win32.ActiveCfg = Release|Win32
		{772FBE05-D05A-467B-9842-BEC409EEA8D0}.Release|Win32.Build.0 = Release|Win32
		{772FBE05-D05A-467B-9842-BEC409EEA8D0}.Release|x64.ActiveCfg = Release|x64
		{772FBE05-D05A-467B-9842-BEC409EEA8D0}.Release|x64.Build.0 = Release|x64
		{78C9F424-523C-49AC-94B7-823AA4A26BF9}.Debug|Win32.ActiveCfg = Debug|Win32
		{78C9F424-523C-49AC-94B7-823AA4A26BF9}.Debug|Win32.Build.0 = Debug|Win32
		{78C9F424-523C-49AC-94B7-823AA4A26BF9}.Debug|x64.ActiveCfg = Debug|x64
		{78C9F424-523C-49AC-94B7-823AA4A26BF9}.Debug|x64.Build.0 = Debug|x64
		{78C9F424-523C-49AC-94B7-823AA4A26BF9}.Release|Win32.ActiveCfg = Release|Win32
		{78C9F424-523C-49AC-94B7-823AA4A26BF9}.Release|Win32.Build.0 = Release|Win32
		{78C9F424-523C-49AC-94B7-823AA4A26BF9}.Release|x64.ActiveCfg = Release|x64
		{78C9F424-523C-49AC-94B7-823AA4A26BF9}.Release|x64.Build.0 = Release|x64
		{EB3B38EA-5CE7-4983-845B-880661E69D09}.Debug|Win32.ActiveCfg = Debug|Win32
		{EB3B38EA-5CE7-4983-845B-880661E69D09}.Debug|Win32.Build.0 = Debug|Win32
		{EB3B38EA-5CE7-4983-845B-880661E69D09}.Debug|x64.ActiveCfg = Debug|x64
		{EB3B38EA-5CE7-4983-845B-880661E69D09}.Debug|x64.Build.0 = Debug|x64
		{EB3B38EA-5CE7-4983-845B-880661E69D09}.Release|Win32.ActiveCfg = Release|Win32
		{EB3B38EA-5CE7-4983-845B-880661E69D09}.Release|Win32.Build.0 = Release|Win32
		{EB3B38EA-5CE7-4983-845B-880661E69D09}.Release|x64.ActiveCfg = Release|x64
		{EB3B38EA-5CE7-4983-845B-880661E69D09}.Release|x64.Build.0 = Release|x64
		{2A29B6B1-AFC4-46C7-9944-7052AAE66F7B}.Debug|Win32.ActiveCfg = Debug|Win32
		{2A29B6B1-AFC4-46C7-9944-7052AAE66F7B}.Debug|Win32.Build.0 = Debug|Win32
		{2A29B6B1-AFC4-46C7-9944-7052AAE66F7B}.Debug|x64.ActiveCfg = Debug|x64
		{2A29B6B1-AFC4-46C7-9944-7052AAE66F7B}.Debug|x64.Build.0 = Debug|x64
		{2A29B6B1-AFC4-46C7-9944-7052AAE66F7B}.Release|Win32.ActiveCfg = Release|Win32
		{2A29B6B1-AFC4-46C7-9944-7052AAE66F7B}.Release|Win32.Build.0 = Release|Win32
		{2A29B6B1-AFC4-46C7-9944-7052AAE66F7B}.Release|x64.ActiveCfg = Release|x64
		{2A29B6B1-AFC4-46C7-9944-7052AAE66F7B}.Release|x64.Build.0 = Release|x64
		{1AB9413E-4F53-42A3-8CB2-CB4BE22336D0}.Debug|Win32.ActiveCfg = Debug|Win32
		{1AB9413E-4F53-42A3-8CB2-CB4BE22336D0}.Debug|Win32.Build.0 = Debug|Win32
		{1AB9413E-4F53-42A3-8CB2-CB4BE22336D0}.Debug|x64.ActiveCfg = Debug|x64
		{1AB9413E-4F53-42A3-8CB2-CB4BE22336D0}.Debug|x64.Build.0 = Debug|x64
		{1AB9413E-4F53-42A3-8CB2-CB4BE22336D0}.Release|Win32.ActiveCfg = Release|Win32
		{1AB9413E-4F53-42A3-8CB2-CB4BE22336D0}.Release|Win32.Build.0 = Release|Win32
		{1AB9413E-4F53-42A3-8CB2-CB4BE22336D0}.Release|x64.ActiveCfg = Release|x64
		{1AB9413E-4F53-42A3-8CB2-CB4BE22336D0}.Release|x64.Build.0 = Release|x64
		{FE853A36-E0D1-4AC5-A792-B643E70D2953}.Debug|Win32.ActiveCfg = Debug|Win32
		{FE853A36-E0D1-4AC5-A792-B643E70D2953}.Debug|Win32.Build.0 = Debug|Win32
		{FE853A36-E0D1-4AC5-A792-B643E70D2953}.Debug|x64.ActiveCfg = Debug|x64
		{FE853A36-E0D1-4AC5-A792-B643E70D2953}.Debug|x64.Build.0 = Debug|x64
		{FE853A36-E0D1-4AC5-A792-B643E70D2953}.Release|Win32.ActiveCfg = Release|Win32
		{FE853A36-E0D1-4AC5-A792-B643E70D2953}.Release|Win32.Build.0 = Release|Win32
		{FE853A36-E0D1-4AC5-A792-B643E70D2953}.Release|x64.ActiveCfg = Release|x64
		{FE853A36-E0D1-4AC5-A792-B643E70D2953}.Release|x64.Build.0 = Release|x64
		{16007FE2-142B-47F8-93E1-519BA3F39E71}.Debug|Win32.ActiveCfg = Debug|Win32
		{16007FE2-142B-47F8-93E1-519BA3F39E71}.Debug|Win32.Build.0 = Debug|Win32
		{16007FE2-142B-47F8-93E1-519BA3F39E71}.Debug|x64.ActiveCfg = Debug|x64
		{16007FE2-142B-47F8-93E1-519BA3F39E71}.Debug|x64.Build.0 = Debug|x64
		{16007FE2-142B-47F8-93E1-519BA3F39E71}.Release|Win32.ActiveCfg = Release|Win32
		{16007FE2-142B-47F8-93E1-519BA3F39E71}.Release|Win32.Build.0 = Release|Win32
		{16007FE2-142B-47F8-93E1-519BA3F39E71}.Release|x64.ActiveCfg = Release|x64
		{16007FE2-142B-47F8-93E1-519BA3F39E71}.Release|x64.Build.0 = Release|x64
		{CDC4AAA9-72E1-4FFA-A04D-7EF59D8B97CD}.Debug|Win32.ActiveCfg = Debug|Win32
		{CDC4AAA9-72E1-4FFA-A04D-7EF59D8B97CD}.Debug|Win32.Build.0 = Debug|Win32
		{CDC4AAA9-72E1-4FFA-A04D-7EF59D8B97CD}.Debug|x64.ActiveCfg = Debug|x64
		{CDC4AAA9-72E1-4FFA-A04D-7EF59D8B97CD}.Debug|x64.Build.0 = Debug|x64
		{CDC4AAA9-72E1-4FFA-A04D-7EF59D8B97CD}.Release|Win32.ActiveCfg = Release|Win32
		{CDC4AAA9-72E1-4FFA-A04D-7EF59D8B97CD}.Release|Win32.Build.0 = Release|Win32
		{CDC4AAA9-72E1-4FFA-A04D-7EF59D8B97CD}.Release|x64.ActiveCfg = Release|x64
		{CDC4AAA9-72E1-4FFA-A04D-7EF59D8B97CD}.Release|x64.Build.0 = Release|x64
		{4E6C2F8D-BA92-4C5B-96FD-72D4FE8BD7FA}.Debug|Win32.ActiveCfg = Debug|Win32
		{4E6C2F8D-BA92-4C5B-96FD-72D4FE8BD7FA}.Debug|Win32.Build.0 = Debug|Win32
		{4E6C2F8D-BA92-4C5B-96FD-72D4FE8BD7FA}.Debug|x64.ActiveCfg = Debug|x64
		{4E6C2F8D-BA92-4C5B-96FD-72D4FE8BD7FA}.Debug|x64.Build.0 = Debug|x64
		{4E6C2F8D-BA92-4C5B-96FD-72D4FE8BD7FA}.Release|Win32.ActiveCfg = Release|Win32
		{4E6C2F8D-BA92-4C5B-96FD-72D4FE8BD7FA}.Release|Win32.Build.0 = Release|Win32
		{4E6C2F8D-BA92-4C5B-96FD-72D4FE8BD7FA}.Release|x64.ActiveCfg = Release|x64
		{4E6C2F8D-BA92-4C5B-96FD-72D4FE8BD7FA}.Release|x64.Build.0 = Release|x64
		{6AEC2AA2-C9FF-4B7D-B07A-94A9D34B41D7}.Debug|Win32.ActiveCfg = Debug|Win32
		{6AEC2AA2-C9FF-4B7D-B07A-94A9D34B41D7}.Debug|Win32.Build.0 = Debug|Win32
		{6AEC2AA2-C9FF-4B7D-B07A-94A9D34B41D7}.Debug|x64.ActiveCfg = Debug|x64
		{6AEC2AA2-C9FF-4B7D-B07A-94A9D34B41D7}.Debug|x64.Build.0 = Debug|x64
		{6AEC2AA2-C9FF-4B7D-B07A-94A9D34B41D7}.Release|Win32.ActiveCfg = Release|Win32
		{6AEC2AA2-C9FF-4B7D-B07A-94A9D34B41D7}.Release|Win32.Build.0 = Release|Win32
		{6AEC2AA2-C9FF-4B7D-B07A-94A9D34B41D7}.Release|x64.ActiveCfg = Release|x64
		{6AEC2AA2-C9FF-4B7D-B07A-94A9D34B41D7}.Release|x64.Build.0 = Release|x64
		{02B67A37-50E1-49DB-BECF-905BC029C2FE}.Debug|Win32.ActiveCfg = Debug|Win32
		{02B67A37-50E1-49DB-BECF-905BC029C2FE}.Debug|Win32.Build.0 = Debug|Win32
		{02B67A37-50E1-49DB-BECF-905BC029C2FE}.Debug|x64.ActiveCfg = Debug|x64
		{02B67A37-50E1-49DB-BECF-905BC029C2FE}.Debug|x64.Build.0 = Debug|x64
		{02B67A37-50E1-49DB-BECF-905BC029C2FE}.Release|Win32.ActiveCfg = Release|Win32
		{02B67A37-50E1-49DB-BECF-905BC029C2FE}.Release|Win32.Build.0 = Release|Win32
		{02B67A37-50E1-49DB-BECF-905BC029C2FE}.Release|x64.ActiveCfg = Release|x64
		{02B67A37-50E1-49DB-BECF-905BC029C2FE}.Release|x64.Build.0 = Release|x64
		{6F076455-D955-45D4-9C68-4AD4E45F2D47}.Debug|Win32.ActiveCfg = Debug|Win32
		{6F076455-D955-45D4-9C68-4AD4E45F2D47}.Debug|Win32.Build.0 = Debug|Win32
		{6F076455-D955-45D4-9C68-4AD4E45F2D47}.Debug|x64.ActiveCfg = Debug|x64
		{6F076455-D955-45D4-9C68-4AD4E45F2D47}.Debug|x64.Build.0 = Debug|x64
		{6F076455-D955-45D4-9C68-4AD4E45F2D47}.Release|Win32.ActiveCfg = Release|Win32
		{6F076455-D955-45D4-9C68-4AD4E45F2D47}.Release|Win32.Build.0 = Release|Win32
		{6F076455-D955-45D4-9C68-4AD4E45F2D47}.Release|x64.ActiveCfg = Release|x64
		{6F076455-D955-45D4-9C68-4AD4E45F2D47}.Release|x64.Build.0 = Release|x64
		{853A396E-C031-4C26-A716-5B4E176BE11D}.Debug|Win32.ActiveCfg = Debug|Win32
		{853A396E-C031-4C26-A716-5B4E176BE11D}.Debug|Win32.Build.0 = Debug|Win32
		{853A396E-C031-4C26-A716-5B4E176BE11D}.Debug|x64.ActiveCfg = Debug|x64
		{853A396E-C031-4C26-A716-5B4E176BE11D}.Debug|x64.Build.0 = Debug|x64
		{853A396E-C031-4C26-A716-5B4E176BE11D}.Release|Win32.ActiveCfg = Release|Win32
		{853A396E-C031-4C26-A716-5B4E176BE11D}.Release|Win32.Build.0 = Release|Win32
		{853A396E-C031-4C26-A716-5B4E176BE11D}.Release|x64.ActiveCfg = Release|x64
		{853A396E-C031-4C26-A716-5B4E176BE11D}.Release|x64.Build.0 = Release|x64
		{4D53E40F-37E3-42B1-8848-F4C6F8313A17}.Debug|Win32.ActiveCfg = Debug|Win32
		{4D53E40F-37E3-42B1-8848-F4C6F8313A17}.Debug|Win32.Build.0 = Debug|Win32
		{4D53E40F-37E3-42B1-8848-F4C6F8313A17}.Debug|x64.ActiveCfg = Debug|x64
		{4D53E40F-37E3-42B1-8848-F4C6F8313A17}.Debug|x64.Build.0 = Debug|x64
		{4D53E40F-37E3-42B1-8848-F4C6F8313A17}.Release|Win32.ActiveCfg = Release|Win32
		{4D53E40F-37E3-42B1-8848-F4C6F8313A17}.Release|Win32.Build.0 = Release|Win32
		{4D53E40F-37E3-42B1-8848-F4C6F8313A17}.Release|x64.ActiveCfg = Release|x64
		{4D53E40F-37E3-42B1-8848-F4C6F8313A17}.Release|x64.Build.0 = Release|x64
		{E72B637E-4AA6-46F3-885F-AC67B4B470ED}.Debug|Win32.ActiveCfg = Debug|Win32
		{E72B637E-4AA6-46F3-885F-AC67B4B470ED}.Debug|Win32.Build.0 = Debug|Win32
		{E72B637E-4AA6-46F3-885F-AC67B4B470ED}.Debug|x64.ActiveCfg = Debug|x64
		{E72B637E-4AA6-46F3-885F-AC67B4B470ED}.Debug|x64.Build.0 = Debug|x64
		{E72B637E-4AA6-46F3-885F-AC67B4B470ED}.Release|Win32.ActiveCfg = Release|Win32
		{E72B637E-4AA6-46F3-885F-AC67B4B470ED}.Release|Win32.Build.0 = Release|Win32
		{E72B637E-4AA6-46F3-885F-AC67B4B470ED}.Release|x64.ActiveCfg = Release|x64
		{E72B637E-4AA6-46F3-885F-AC67B4B470ED}.Release|x64.Build.0 = Release|x64
		{5CE0E2E7-879D-4152-B61D-24E7D0707B45}.Debug|Win32.ActiveCfg = Debug|Win32
		{5CE0E2E7-879D-4152-B61D-24E7D0707B45}.Debug|Win32.Build.0 = Debug|Win32
		{5CE0E2E7-879D-4152-B61D-24E7D0707B45}.Debug|x64.ActiveCfg = Debug|x64
		{5CE0E2E7-879D-4152-B61D-24E7D0707B45}.Debug|x64.Build.0 = Debug|x64
		{5CE0E2E7-879D-4152-B61D-24E7D0707B45}.Release|Win32.ActiveCfg = Release|Win32
		{5CE0E2E7-879D-4152-B61D-24E7D0707B45}.Release|Win32.Build.0 = Release|Win32
		{5CE0E2E7-879D-4152-B61D-24E7D0707B45}.Release|x64.ActiveCfg = Release|x64
		{5CE0E2E7-879D-4152-B61D-24E7D0707B45}.Release|x64.Build.0 = Release|x64
		{8FDA260E-EF27-4F8C-8720-7AF707DD0D9E}.Debug|Win32.ActiveCfg = Debug|Win32
		{8FDA260E-EF27-4F8C-8720-7AF707DD0D9E}.Debug|Win32.Build.0 = Debug|Win32
		{8FDA260E-EF27-4F8C-8720-7AF707DD0D9E}.Debug|x64.ActiveCfg = Debug|x64
		{8FDA260E-EF27-4F8C-8720-7AF707DD0D9E}.Debug|x64.Build.0 = Debug|x64
		{8FDA260E-EF27-4F8C-8720-7AF707DD0D9E}.Release|Win32.ActiveCfg = Release|Win32
		{8FDA260E-EF27-4F8C-8720-7AF707DD0D9E}.Release|Win32.Build.0 = Release|Win32
		{8FDA260E-EF27-4F8C-8720-7AF707DD0D9E}.Release|x64.ActiveCfg = Release|x64
		{8FDA260E-EF27-4F8C-8720-7AF707DD0D9E}.Release|x64.Build.0 = Release|x64
	EndGlobalSection
	GlobalSection(SolutionProperties) = preSolution
		HideSolutionNode = FALSE
	EndGlobalSection
EndGlobal
