Microsoft Visual Studio Solution File, Format Version 9.00
# Visual Studio 2005
Project("{8BC9CEB8-8B4A-11D0-8D11-00A0C91BC942}") = "20.ManagedLights", "ManagedLights.vcproj", "{16007FE2-142B-47F8-93E1-519BA3F39E71}"
EndProject
Global
	GlobalSection(SolutionConfigurationPlatforms) = preSolution
		Debug|Win32 = Debug|Win32
		Release|Win32 = Release|Win32
	EndGlobalSection
	GlobalSection(ProjectConfigurationPlatforms) = postSolution
		{16007FE2-142B-47F8-93E1-519BA3F39E71}.Debug|Win32.ActiveCfg = Debug|Win32
		{16007FE2-142B-47F8-93E1-519BA3F39E71}.Release|Win32.ActiveCfg = Release|Win32
	EndGlobalSection
	GlobalSection(SolutionProperties) = preSolution
		HideSolutionNode = FALSE
	EndGlobalSection
EndGlobal
